// !$*UTF8*$!
{
	archiveVersion = 1;
	classes = {
	};
	objectVersion = 46;
	objects = {

/* Begin PBXBuildFile section */
		27114D4A1B46031A0087655C /* Characters.atlas in Resources */ = {isa = PBXBuildFile; fileRef = 272C94C61B3BC3030037FC7F /* Characters.atlas */; };
		27114D4B1B4627100087655C /* JLFGKSimplePriorityQueue.m in Sources */ = {isa = PBXBuildFile; fileRef = 27B9C3C51B45C0B600B61989 /* JLFGKSimplePriorityQueue.m */; };
		27114D4C1B4627100087655C /* JLFGKState+Private.m in Sources */ = {isa = PBXBuildFile; fileRef = 27B7E4C61B3E079A00705D17 /* JLFGKState+Private.m */; };
		27114D571B473D080087655C /* castle.png in Resources */ = {isa = PBXBuildFile; fileRef = 27114D401B4603150087655C /* castle.png */; };
		27114D581B473D080087655C /* keep.png in Resources */ = {isa = PBXBuildFile; fileRef = 27114D411B4603150087655C /* keep.png */; };
		27114D591B473D080087655C /* sword.png in Resources */ = {isa = PBXBuildFile; fileRef = 27114D421B4603150087655C /* sword.png */; };
		27114D5A1B473D080087655C /* target.png in Resources */ = {isa = PBXBuildFile; fileRef = 27114D431B4603150087655C /* target.png */; };
		27114D5B1B473D080087655C /* yellow-dot.png in Resources */ = {isa = PBXBuildFile; fileRef = 27114D441B4603150087655C /* yellow-dot.png */; };
		27114D5C1B473D080087655C /* map.png in Resources */ = {isa = PBXBuildFile; fileRef = 27B9C3F41B45F37500B61989 /* map.png */; };
		2720D2ED1B56FCD10088BEE1 /* Default-568h@2x.png in Resources */ = {isa = PBXBuildFile; fileRef = 2720D2E81B56FCD10088BEE1 /* Default-568h@2x.png */; };
		2720D2EE1B56FCD10088BEE1 /* Default-iPhone6.png in Resources */ = {isa = PBXBuildFile; fileRef = 2720D2E91B56FCD10088BEE1 /* Default-iPhone6.png */; };
		2720D2EF1B56FCD10088BEE1 /* Default-iPhone6Plus.png in Resources */ = {isa = PBXBuildFile; fileRef = 2720D2EA1B56FCD10088BEE1 /* Default-iPhone6Plus.png */; };
		2720D2F01B56FCD10088BEE1 /* Default.png in Resources */ = {isa = PBXBuildFile; fileRef = 2720D2EB1B56FCD10088BEE1 /* Default.png */; };
		2720D2F11B56FCD10088BEE1 /* Default@2x.png in Resources */ = {isa = PBXBuildFile; fileRef = 2720D2EC1B56FCD10088BEE1 /* Default@2x.png */; };
		2720D2F41B5701060088BEE1 /* JLFGKGraphNode2D.h in Headers */ = {isa = PBXBuildFile; fileRef = 2720D2F21B5701060088BEE1 /* JLFGKGraphNode2D.h */; settings = {ATTRIBUTES = (Public, ); }; };
		2720D2F51B5701060088BEE1 /* JLFGKGraphNode2D.m in Sources */ = {isa = PBXBuildFile; fileRef = 2720D2F31B5701060088BEE1 /* JLFGKGraphNode2D.m */; };
		2720D2F61B5701060088BEE1 /* JLFGKGraphNode2D.m in Sources */ = {isa = PBXBuildFile; fileRef = 2720D2F31B5701060088BEE1 /* JLFGKGraphNode2D.m */; };
		2720D2F71B5701060088BEE1 /* JLFGKGraphNode2D.m in Sources */ = {isa = PBXBuildFile; fileRef = 2720D2F31B5701060088BEE1 /* JLFGKGraphNode2D.m */; };
		2720D2F81B5701060088BEE1 /* JLFGKGraphNode2D.m in Sources */ = {isa = PBXBuildFile; fileRef = 2720D2F31B5701060088BEE1 /* JLFGKGraphNode2D.m */; };
		2720D2FE1B5705A90088BEE1 /* JLFGKObstacle.h in Headers */ = {isa = PBXBuildFile; fileRef = 2720D2FC1B5705A90088BEE1 /* JLFGKObstacle.h */; settings = {ATTRIBUTES = (Public, ); }; };
		2720D2FF1B5705A90088BEE1 /* JLFGKObstacle.m in Sources */ = {isa = PBXBuildFile; fileRef = 2720D2FD1B5705A90088BEE1 /* JLFGKObstacle.m */; };
		2720D3001B5705A90088BEE1 /* JLFGKObstacle.m in Sources */ = {isa = PBXBuildFile; fileRef = 2720D2FD1B5705A90088BEE1 /* JLFGKObstacle.m */; };
		2720D3011B5705A90088BEE1 /* JLFGKObstacle.m in Sources */ = {isa = PBXBuildFile; fileRef = 2720D2FD1B5705A90088BEE1 /* JLFGKObstacle.m */; };
		2720D3021B5705A90088BEE1 /* JLFGKObstacle.m in Sources */ = {isa = PBXBuildFile; fileRef = 2720D2FD1B5705A90088BEE1 /* JLFGKObstacle.m */; };
		2720D3051B5705BF0088BEE1 /* JLFGKCircleObstacle.h in Headers */ = {isa = PBXBuildFile; fileRef = 2720D3031B5705BF0088BEE1 /* JLFGKCircleObstacle.h */; settings = {ATTRIBUTES = (Public, ); }; };
		2720D3061B5705BF0088BEE1 /* JLFGKCircleObstacle.m in Sources */ = {isa = PBXBuildFile; fileRef = 2720D3041B5705BF0088BEE1 /* JLFGKCircleObstacle.m */; };
		2720D3071B5705BF0088BEE1 /* JLFGKCircleObstacle.m in Sources */ = {isa = PBXBuildFile; fileRef = 2720D3041B5705BF0088BEE1 /* JLFGKCircleObstacle.m */; };
		2720D3081B5705BF0088BEE1 /* JLFGKCircleObstacle.m in Sources */ = {isa = PBXBuildFile; fileRef = 2720D3041B5705BF0088BEE1 /* JLFGKCircleObstacle.m */; };
		2720D3091B5705BF0088BEE1 /* JLFGKCircleObstacle.m in Sources */ = {isa = PBXBuildFile; fileRef = 2720D3041B5705BF0088BEE1 /* JLFGKCircleObstacle.m */; };
		2720D30C1B5706710088BEE1 /* JLFGKPolygonObstacle.h in Headers */ = {isa = PBXBuildFile; fileRef = 2720D30A1B5706710088BEE1 /* JLFGKPolygonObstacle.h */; settings = {ATTRIBUTES = (Public, ); }; };
		2720D30D1B5706710088BEE1 /* JLFGKPolygonObstacle.m in Sources */ = {isa = PBXBuildFile; fileRef = 2720D30B1B5706710088BEE1 /* JLFGKPolygonObstacle.m */; };
		2720D30E1B5706710088BEE1 /* JLFGKPolygonObstacle.m in Sources */ = {isa = PBXBuildFile; fileRef = 2720D30B1B5706710088BEE1 /* JLFGKPolygonObstacle.m */; };
		2720D30F1B5706710088BEE1 /* JLFGKPolygonObstacle.m in Sources */ = {isa = PBXBuildFile; fileRef = 2720D30B1B5706710088BEE1 /* JLFGKPolygonObstacle.m */; };
		2720D3101B5706710088BEE1 /* JLFGKPolygonObstacle.m in Sources */ = {isa = PBXBuildFile; fileRef = 2720D30B1B5706710088BEE1 /* JLFGKPolygonObstacle.m */; };
		2720D3121B5707EE0088BEE1 /* ObstacleTests.m in Sources */ = {isa = PBXBuildFile; fileRef = 2720D3111B5707EE0088BEE1 /* ObstacleTests.m */; };
		2720D3131B5708220088BEE1 /* ObstacleTests.m in Sources */ = {isa = PBXBuildFile; fileRef = 2720D3111B5707EE0088BEE1 /* ObstacleTests.m */; };
		272C94C71B3BC3030037FC7F /* Characters.atlas in Resources */ = {isa = PBXBuildFile; fileRef = 272C94C61B3BC3030037FC7F /* Characters.atlas */; };
		2760621D1B37C571000E505D /* AppDelegate.m in Sources */ = {isa = PBXBuildFile; fileRef = 2760621C1B37C571000E505D /* AppDelegate.m */; };
		2760621F1B37C571000E505D /* main.m in Sources */ = {isa = PBXBuildFile; fileRef = 2760621E1B37C571000E505D /* main.m */; };
		276062221B37C571000E505D /* GameScene.m in Sources */ = {isa = PBXBuildFile; fileRef = 276062211B37C571000E505D /* GameScene.m */; };
		276062241B37C571000E505D /* GameScene.sks in Resources */ = {isa = PBXBuildFile; fileRef = 276062231B37C571000E505D /* GameScene.sks */; };
		276062261B37C571000E505D /* Images.xcassets in Resources */ = {isa = PBXBuildFile; fileRef = 276062251B37C571000E505D /* Images.xcassets */; };
		2760624C1B37CE96000E505D /* ComponentTests.m in Sources */ = {isa = PBXBuildFile; fileRef = 2760624B1B37CE96000E505D /* ComponentTests.m */; };
		2760624D1B37D06D000E505D /* JLFGKEntity.m in Sources */ = {isa = PBXBuildFile; fileRef = 276062401B37C5AE000E505D /* JLFGKEntity.m */; };
		2760624E1B37D06D000E505D /* JLFGKComponent.m in Sources */ = {isa = PBXBuildFile; fileRef = 276062431B37C5D2000E505D /* JLFGKComponent.m */; };
		2760624F1B37D06D000E505D /* JLFGKComponentSystem.m in Sources */ = {isa = PBXBuildFile; fileRef = 276062461B37C5DC000E505D /* JLFGKComponentSystem.m */; };
		276062501B37D06D000E505D /* JLFGKComponent+Private.m in Sources */ = {isa = PBXBuildFile; fileRef = 276062491B37C63F000E505D /* JLFGKComponent+Private.m */; };
		277F1DB51B58163700AC8981 /* GeometryTests.m in Sources */ = {isa = PBXBuildFile; fileRef = 277F1DB41B58163700AC8981 /* GeometryTests.m */; };
		277F1DB61B58163A00AC8981 /* GeometryTests.m in Sources */ = {isa = PBXBuildFile; fileRef = 277F1DB41B58163700AC8981 /* GeometryTests.m */; };
		277F1DB91B58168600AC8981 /* JLFGKPolygonObstacle+Geometry.h in Headers */ = {isa = PBXBuildFile; fileRef = 277F1DB71B58168600AC8981 /* JLFGKPolygonObstacle+Geometry.h */; };
		277F1DBA1B58168600AC8981 /* JLFGKPolygonObstacle+Geometry.m in Sources */ = {isa = PBXBuildFile; fileRef = 277F1DB81B58168600AC8981 /* JLFGKPolygonObstacle+Geometry.m */; };
		277F1DBB1B58168600AC8981 /* JLFGKPolygonObstacle+Geometry.m in Sources */ = {isa = PBXBuildFile; fileRef = 277F1DB81B58168600AC8981 /* JLFGKPolygonObstacle+Geometry.m */; };
		277F1DBC1B58175A00AC8981 /* JLFGKPolygonObstacle+Geometry.m in Sources */ = {isa = PBXBuildFile; fileRef = 277F1DB81B58168600AC8981 /* JLFGKPolygonObstacle+Geometry.m */; };
		277F1DBE1B58175B00AC8981 /* JLFGKPolygonObstacle+Geometry.m in Sources */ = {isa = PBXBuildFile; fileRef = 277F1DB81B58168600AC8981 /* JLFGKPolygonObstacle+Geometry.m */; };
		277F1DC01B582E5A00AC8981 /* JLFGKGeometry.h in Headers */ = {isa = PBXBuildFile; fileRef = 277F1DBF1B582E5A00AC8981 /* JLFGKGeometry.h */; };
		277F1DC21B582ED600AC8981 /* JLFGKGeometry.c in Sources */ = {isa = PBXBuildFile; fileRef = 277F1DC11B582ED600AC8981 /* JLFGKGeometry.c */; };
		277F1DC31B582ED600AC8981 /* JLFGKGeometry.c in Sources */ = {isa = PBXBuildFile; fileRef = 277F1DC11B582ED600AC8981 /* JLFGKGeometry.c */; };
		277F1DC41B582EF300AC8981 /* JLFGKGeometry.c in Sources */ = {isa = PBXBuildFile; fileRef = 277F1DC11B582ED600AC8981 /* JLFGKGeometry.c */; };
		277F1DC51B582EF300AC8981 /* JLFGKGeometry.c in Sources */ = {isa = PBXBuildFile; fileRef = 277F1DC11B582ED600AC8981 /* JLFGKGeometry.c */; };
		277F1DC81B5AB30D00AC8981 /* JLFGKGraphNode2D+Private.h in Headers */ = {isa = PBXBuildFile; fileRef = 277F1DC61B5AB30D00AC8981 /* JLFGKGraphNode2D+Private.h */; };
		279C7CFA1B3E59A400456EE4 /* JLFGKStateMachine.m in Sources */ = {isa = PBXBuildFile; fileRef = 2712E4361B3E0ACE00B5A5F1 /* JLFGKStateMachine.m */; };
		27A9F8E11B55691500DD1FBE /* MainMenu.xib in Resources */ = {isa = PBXBuildFile; fileRef = 276062271B37C571000E505D /* MainMenu.xib */; };
		27A9F8E21B55694900DD1FBE /* libJLFGameplayKit.a in Frameworks */ = {isa = PBXBuildFile; fileRef = 27E255E21B51DB4200237994 /* libJLFGameplayKit.a */; };
		27A9F8E31B55694E00DD1FBE /* libJLFGameplayKit.a in Frameworks */ = {isa = PBXBuildFile; fileRef = 27E255E21B51DB4200237994 /* libJLFGameplayKit.a */; };
		27A9F8E41B55696E00DD1FBE /* libJLFGameplayKit-iOS.a in Frameworks */ = {isa = PBXBuildFile; fileRef = 27E2563A1B51DDB700237994 /* libJLFGameplayKit-iOS.a */; };
		27A9F8E51B556F1400DD1FBE /* BouncyComponent.m in Sources */ = {isa = PBXBuildFile; fileRef = 27B995FE1B5562950096234A /* BouncyComponent.m */; };
		27A9F8E61B556F1400DD1FBE /* CGPointMath.m in Sources */ = {isa = PBXBuildFile; fileRef = 27B996001B5562950096234A /* CGPointMath.m */; };
		27A9F8E71B556F1400DD1FBE /* SpriteComponent.m in Sources */ = {isa = PBXBuildFile; fileRef = 27B996041B5562B30096234A /* SpriteComponent.m */; };
		27A9F8EA1B55799D00DD1FBE /* PathMoveComponent.m in Sources */ = {isa = PBXBuildFile; fileRef = 27A9F8E91B55799D00DD1FBE /* PathMoveComponent.m */; };
		27AA85771B47550D00AF2DDA /* PathFollowingComponent.m in Sources */ = {isa = PBXBuildFile; fileRef = 27AA85761B47550D00AF2DDA /* PathFollowingComponent.m */; };
		27AA85801B4779C400AF2DDA /* PathFollowingComponentStates.m in Sources */ = {isa = PBXBuildFile; fileRef = 27AA857F1B4779C400AF2DDA /* PathFollowingComponentStates.m */; };
		27AD86F91B5370970009489D /* JLFGKGridGraph.h in Headers */ = {isa = PBXBuildFile; fileRef = 27AD86F51B5370970009489D /* JLFGKGridGraph.h */; settings = {ATTRIBUTES = (Public, ); }; };
		27AD86FA1B5370970009489D /* JLFGKGridGraph.m in Sources */ = {isa = PBXBuildFile; fileRef = 27AD86F61B5370970009489D /* JLFGKGridGraph.m */; };
		27AD86FB1B5370970009489D /* JLFGKGridGraphNode.h in Headers */ = {isa = PBXBuildFile; fileRef = 27AD86F71B5370970009489D /* JLFGKGridGraphNode.h */; settings = {ATTRIBUTES = (Public, ); }; };
		27AD86FC1B5370970009489D /* JLFGKGridGraphNode.m in Sources */ = {isa = PBXBuildFile; fileRef = 27AD86F81B5370970009489D /* JLFGKGridGraphNode.m */; };
		27AD86FD1B537D590009489D /* JLFGKGridGraph.m in Sources */ = {isa = PBXBuildFile; fileRef = 27AD86F61B5370970009489D /* JLFGKGridGraph.m */; };
		27AD86FE1B537D590009489D /* JLFGKGridGraphNode.m in Sources */ = {isa = PBXBuildFile; fileRef = 27AD86F81B5370970009489D /* JLFGKGridGraphNode.m */; };
		27AD86FF1B537D5A0009489D /* JLFGKGridGraph.m in Sources */ = {isa = PBXBuildFile; fileRef = 27AD86F61B5370970009489D /* JLFGKGridGraph.m */; };
		27AD87001B537D5A0009489D /* JLFGKGridGraphNode.m in Sources */ = {isa = PBXBuildFile; fileRef = 27AD86F81B5370970009489D /* JLFGKGridGraphNode.m */; };
		27AD87011B537D5B0009489D /* JLFGKGridGraph.m in Sources */ = {isa = PBXBuildFile; fileRef = 27AD86F61B5370970009489D /* JLFGKGridGraph.m */; };
		27AD87021B537D5B0009489D /* JLFGKGridGraphNode.m in Sources */ = {isa = PBXBuildFile; fileRef = 27AD86F81B5370970009489D /* JLFGKGridGraphNode.m */; };
		27B7E4C31B3E064600705D17 /* StateMachineTests.m in Sources */ = {isa = PBXBuildFile; fileRef = 27B7E4C11B3E05CA00705D17 /* StateMachineTests.m */; };
		27B7E4C41B3E06AF00705D17 /* JLFGKState.m in Sources */ = {isa = PBXBuildFile; fileRef = 27B7E4BE1B3E057500705D17 /* JLFGKState.m */; };
		27B936311B576414007FEB54 /* JLFGKObstacleGraph.h in Headers */ = {isa = PBXBuildFile; fileRef = 27B9362F1B576414007FEB54 /* JLFGKObstacleGraph.h */; settings = {ATTRIBUTES = (Public, ); }; };
		27B936321B576414007FEB54 /* JLFGKObstacleGraph.m in Sources */ = {isa = PBXBuildFile; fileRef = 27B936301B576414007FEB54 /* JLFGKObstacleGraph.m */; };
		27B936331B57641E007FEB54 /* JLFGKObstacleGraph.m in Sources */ = {isa = PBXBuildFile; fileRef = 27B936301B576414007FEB54 /* JLFGKObstacleGraph.m */; };
		27B936341B57641E007FEB54 /* JLFGKObstacleGraph.m in Sources */ = {isa = PBXBuildFile; fileRef = 27B936301B576414007FEB54 /* JLFGKObstacleGraph.m */; };
		27B936351B57641E007FEB54 /* JLFGKObstacleGraph.m in Sources */ = {isa = PBXBuildFile; fileRef = 27B936301B576414007FEB54 /* JLFGKObstacleGraph.m */; };
		27B936361B576437007FEB54 /* JLFGameplayKit.h in Headers */ = {isa = PBXBuildFile; fileRef = 2720D2F91B5702BD0088BEE1 /* JLFGameplayKit.h */; settings = {ATTRIBUTES = (Public, ); }; };
		27B936371B576437007FEB54 /* JLFGKComponent.h in Headers */ = {isa = PBXBuildFile; fileRef = 276062421B37C5D2000E505D /* JLFGKComponent.h */; settings = {ATTRIBUTES = (Public, ); }; };
		27B936381B576437007FEB54 /* JLFGKComponentSystem.h in Headers */ = {isa = PBXBuildFile; fileRef = 276062451B37C5DC000E505D /* JLFGKComponentSystem.h */; settings = {ATTRIBUTES = (Public, ); }; };
		27B936391B576437007FEB54 /* JLFGKEntity.h in Headers */ = {isa = PBXBuildFile; fileRef = 2760623F1B37C5AE000E505D /* JLFGKEntity.h */; settings = {ATTRIBUTES = (Public, ); }; };
		27B9363A1B576437007FEB54 /* JLFGKGraph.h in Headers */ = {isa = PBXBuildFile; fileRef = 271C10891B44B25400BDFEEB /* JLFGKGraph.h */; settings = {ATTRIBUTES = (Public, ); }; };
		27B9363B1B576437007FEB54 /* JLFGKGraphNode.h in Headers */ = {isa = PBXBuildFile; fileRef = 271C10861B44B0C900BDFEEB /* JLFGKGraphNode.h */; settings = {ATTRIBUTES = (Public, ); }; };
		27B9363C1B576437007FEB54 /* JLFGKState.h in Headers */ = {isa = PBXBuildFile; fileRef = 27B7E4BD1B3E057500705D17 /* JLFGKState.h */; settings = {ATTRIBUTES = (Public, ); }; };
		27B9363D1B576437007FEB54 /* JLFGKStateMachine.h in Headers */ = {isa = PBXBuildFile; fileRef = 2712E4351B3E0ACE00B5A5F1 /* JLFGKStateMachine.h */; settings = {ATTRIBUTES = (Public, ); }; };
		27B995DB1B54515D0096234A /* Main.storyboard in Resources */ = {isa = PBXBuildFile; fileRef = 27B995D91B54515D0096234A /* Main.storyboard */; };
		27B995E11B5476830096234A /* CellularAutomata.m in Sources */ = {isa = PBXBuildFile; fileRef = 27B995E01B5476830096234A /* CellularAutomata.m */; };
		27B995F21B54C9770096234A /* JLFGKComponent.m in Sources */ = {isa = PBXBuildFile; fileRef = 276062431B37C5D2000E505D /* JLFGKComponent.m */; };
		27B995F31B54C9770096234A /* JLFGKComponent+Private.m in Sources */ = {isa = PBXBuildFile; fileRef = 276062491B37C63F000E505D /* JLFGKComponent+Private.m */; };
		27B995F41B54C9770096234A /* JLFGKComponentSystem.m in Sources */ = {isa = PBXBuildFile; fileRef = 276062461B37C5DC000E505D /* JLFGKComponentSystem.m */; };
		27B995F51B54C9770096234A /* JLFGKEntity.m in Sources */ = {isa = PBXBuildFile; fileRef = 276062401B37C5AE000E505D /* JLFGKEntity.m */; };
		27B995F61B54C9770096234A /* JLFGKGraph.m in Sources */ = {isa = PBXBuildFile; fileRef = 271C108A1B44B25400BDFEEB /* JLFGKGraph.m */; };
		27B995F71B54C9770096234A /* JLFGKGraphNode.m in Sources */ = {isa = PBXBuildFile; fileRef = 271C10871B44B0C900BDFEEB /* JLFGKGraphNode.m */; };
		27B995F81B54C9770096234A /* JLFGKSimplePriorityQueue.m in Sources */ = {isa = PBXBuildFile; fileRef = 27B9C3C51B45C0B600B61989 /* JLFGKSimplePriorityQueue.m */; };
		27B995F91B54C9770096234A /* JLFGKState.m in Sources */ = {isa = PBXBuildFile; fileRef = 27B7E4BE1B3E057500705D17 /* JLFGKState.m */; };
		27B995FA1B54C9770096234A /* JLFGKState+Private.m in Sources */ = {isa = PBXBuildFile; fileRef = 27B7E4C61B3E079A00705D17 /* JLFGKState+Private.m */; };
		27B995FB1B54C9770096234A /* JLFGKStateMachine.m in Sources */ = {isa = PBXBuildFile; fileRef = 2712E4361B3E0ACE00B5A5F1 /* JLFGKStateMachine.m */; };
		27B996011B5562950096234A /* BouncyComponent.m in Sources */ = {isa = PBXBuildFile; fileRef = 27B995FE1B5562950096234A /* BouncyComponent.m */; };
		27B996021B5562950096234A /* CGPointMath.m in Sources */ = {isa = PBXBuildFile; fileRef = 27B996001B5562950096234A /* CGPointMath.m */; };
		27B996051B5562B30096234A /* SpriteComponent.m in Sources */ = {isa = PBXBuildFile; fileRef = 27B996041B5562B30096234A /* SpriteComponent.m */; };
		27B996061B5562C00096234A /* BouncyComponent.m in Sources */ = {isa = PBXBuildFile; fileRef = 27B995FE1B5562950096234A /* BouncyComponent.m */; };
		27B996071B5562C00096234A /* CGPointMath.m in Sources */ = {isa = PBXBuildFile; fileRef = 27B996001B5562950096234A /* CGPointMath.m */; };
		27B996081B5562C00096234A /* SpriteComponent.m in Sources */ = {isa = PBXBuildFile; fileRef = 27B996041B5562B30096234A /* SpriteComponent.m */; };
		27B9C3C81B45C5E000B61989 /* PriorityQueueTests.m in Sources */ = {isa = PBXBuildFile; fileRef = 27B9C3C71B45C5E000B61989 /* PriorityQueueTests.m */; };
		27B9C3D31B45F33700B61989 /* AppDelegate.m in Sources */ = {isa = PBXBuildFile; fileRef = 27B9C3D21B45F33700B61989 /* AppDelegate.m */; };
		27B9C3D51B45F33700B61989 /* main.m in Sources */ = {isa = PBXBuildFile; fileRef = 27B9C3D41B45F33700B61989 /* main.m */; };
		27B9C3D81B45F33700B61989 /* GameScene.m in Sources */ = {isa = PBXBuildFile; fileRef = 27B9C3D71B45F33700B61989 /* GameScene.m */; };
		27B9C3DA1B45F33700B61989 /* GameScene.sks in Resources */ = {isa = PBXBuildFile; fileRef = 27B9C3D91B45F33700B61989 /* GameScene.sks */; };
		27B9C3DC1B45F33700B61989 /* Images.xcassets in Resources */ = {isa = PBXBuildFile; fileRef = 27B9C3DB1B45F33700B61989 /* Images.xcassets */; };
		27B9C3DF1B45F33700B61989 /* MainMenu.xib in Resources */ = {isa = PBXBuildFile; fileRef = 27B9C3DD1B45F33700B61989 /* MainMenu.xib */; };
		27D343DF1B45AA2800172A4D /* PathfindingTests.m in Sources */ = {isa = PBXBuildFile; fileRef = 27D343DD1B45A9F400172A4D /* PathfindingTests.m */; };
		27D343E01B45AA3000172A4D /* JLFGKGraph.m in Sources */ = {isa = PBXBuildFile; fileRef = 271C108A1B44B25400BDFEEB /* JLFGKGraph.m */; };
		27D343E11B45AA3000172A4D /* JLFGKGraphNode.m in Sources */ = {isa = PBXBuildFile; fileRef = 271C10871B44B0C900BDFEEB /* JLFGKGraphNode.m */; };
		27E255F91B51DB6A00237994 /* JLFGKComponent.m in Sources */ = {isa = PBXBuildFile; fileRef = 276062431B37C5D2000E505D /* JLFGKComponent.m */; };
		27E255FA1B51DB6A00237994 /* JLFGKComponent+Private.m in Sources */ = {isa = PBXBuildFile; fileRef = 276062491B37C63F000E505D /* JLFGKComponent+Private.m */; };
		27E255FB1B51DB6A00237994 /* JLFGKComponentSystem.m in Sources */ = {isa = PBXBuildFile; fileRef = 276062461B37C5DC000E505D /* JLFGKComponentSystem.m */; };
		27E255FC1B51DB6A00237994 /* JLFGKEntity.m in Sources */ = {isa = PBXBuildFile; fileRef = 276062401B37C5AE000E505D /* JLFGKEntity.m */; };
		27E255FD1B51DB6A00237994 /* JLFGKGraph.m in Sources */ = {isa = PBXBuildFile; fileRef = 271C108A1B44B25400BDFEEB /* JLFGKGraph.m */; };
		27E255FE1B51DB6A00237994 /* JLFGKGraphNode.m in Sources */ = {isa = PBXBuildFile; fileRef = 271C10871B44B0C900BDFEEB /* JLFGKGraphNode.m */; };
		27E255FF1B51DB6A00237994 /* JLFGKSimplePriorityQueue.m in Sources */ = {isa = PBXBuildFile; fileRef = 27B9C3C51B45C0B600B61989 /* JLFGKSimplePriorityQueue.m */; };
		27E256001B51DB6A00237994 /* JLFGKState.m in Sources */ = {isa = PBXBuildFile; fileRef = 27B7E4BE1B3E057500705D17 /* JLFGKState.m */; };
		27E256011B51DB6A00237994 /* JLFGKState+Private.m in Sources */ = {isa = PBXBuildFile; fileRef = 27B7E4C61B3E079A00705D17 /* JLFGKState+Private.m */; };
		27E256021B51DB6A00237994 /* JLFGKStateMachine.m in Sources */ = {isa = PBXBuildFile; fileRef = 2712E4361B3E0ACE00B5A5F1 /* JLFGKStateMachine.m */; };
		27E256451B51DDB800237994 /* libJLFGameplayKit-iOS.a in Frameworks */ = {isa = PBXBuildFile; fileRef = 27E2563A1B51DDB700237994 /* libJLFGameplayKit-iOS.a */; };
		27E256511B51DDE400237994 /* JLFGKComponent.m in Sources */ = {isa = PBXBuildFile; fileRef = 276062431B37C5D2000E505D /* JLFGKComponent.m */; };
		27E256521B51DDE400237994 /* JLFGKComponent+Private.m in Sources */ = {isa = PBXBuildFile; fileRef = 276062491B37C63F000E505D /* JLFGKComponent+Private.m */; };
		27E256531B51DDE400237994 /* JLFGKComponentSystem.m in Sources */ = {isa = PBXBuildFile; fileRef = 276062461B37C5DC000E505D /* JLFGKComponentSystem.m */; };
		27E256541B51DDE400237994 /* JLFGKEntity.m in Sources */ = {isa = PBXBuildFile; fileRef = 276062401B37C5AE000E505D /* JLFGKEntity.m */; };
		27E256551B51DDE400237994 /* JLFGKGraph.m in Sources */ = {isa = PBXBuildFile; fileRef = 271C108A1B44B25400BDFEEB /* JLFGKGraph.m */; };
		27E256561B51DDE400237994 /* JLFGKGraphNode.m in Sources */ = {isa = PBXBuildFile; fileRef = 271C10871B44B0C900BDFEEB /* JLFGKGraphNode.m */; };
		27E256571B51DDE400237994 /* JLFGKSimplePriorityQueue.m in Sources */ = {isa = PBXBuildFile; fileRef = 27B9C3C51B45C0B600B61989 /* JLFGKSimplePriorityQueue.m */; };
		27E256581B51DDE400237994 /* JLFGKState.m in Sources */ = {isa = PBXBuildFile; fileRef = 27B7E4BE1B3E057500705D17 /* JLFGKState.m */; };
		27E256591B51DDE400237994 /* JLFGKState+Private.m in Sources */ = {isa = PBXBuildFile; fileRef = 27B7E4C61B3E079A00705D17 /* JLFGKState+Private.m */; };
		27E2565A1B51DDE400237994 /* JLFGKStateMachine.m in Sources */ = {isa = PBXBuildFile; fileRef = 2712E4361B3E0ACE00B5A5F1 /* JLFGKStateMachine.m */; };
		27E2565B1B51DDE700237994 /* ComponentTests.m in Sources */ = {isa = PBXBuildFile; fileRef = 2760624B1B37CE96000E505D /* ComponentTests.m */; };
		27E2565C1B51DDE700237994 /* PathfindingTests.m in Sources */ = {isa = PBXBuildFile; fileRef = 27D343DD1B45A9F400172A4D /* PathfindingTests.m */; };
		27E2565D1B51DDE700237994 /* PriorityQueueTests.m in Sources */ = {isa = PBXBuildFile; fileRef = 27B9C3C71B45C5E000B61989 /* PriorityQueueTests.m */; };
		27E2565E1B51DDE700237994 /* StateMachineTests.m in Sources */ = {isa = PBXBuildFile; fileRef = 27B7E4C11B3E05CA00705D17 /* StateMachineTests.m */; };
		27F00F3A1B5449E700DF3EB7 /* main.m in Sources */ = {isa = PBXBuildFile; fileRef = 27F00F391B5449E700DF3EB7 /* main.m */; };
		27F00F3D1B5449E700DF3EB7 /* AppDelegate.m in Sources */ = {isa = PBXBuildFile; fileRef = 27F00F3C1B5449E700DF3EB7 /* AppDelegate.m */; };
		27F00F401B5449E700DF3EB7 /* GameScene.m in Sources */ = {isa = PBXBuildFile; fileRef = 27F00F3F1B5449E700DF3EB7 /* GameScene.m */; };
		27F00F451B5449E700DF3EB7 /* GameViewController.m in Sources */ = {isa = PBXBuildFile; fileRef = 27F00F441B5449E700DF3EB7 /* GameViewController.m */; };
		27F00F4A1B5449E700DF3EB7 /* Images-Demo2.xcassets in Resources */ = {isa = PBXBuildFile; fileRef = 27F00F491B5449E700DF3EB7 /* Images-Demo2.xcassets */; };
		27FE7D4C1B3C8AA80088B785 /* MoveComponent.m in Sources */ = {isa = PBXBuildFile; fileRef = 27FE7D4B1B3C8AA80088B785 /* MoveComponent.m */; };
		27FE7D521B3C8FFF0088B785 /* CharacterAnimationComponent.m in Sources */ = {isa = PBXBuildFile; fileRef = 27FE7D511B3C8FFF0088B785 /* CharacterAnimationComponent.m */; };
		27FE7D551B3CC35A0088B785 /* WanderComponent.m in Sources */ = {isa = PBXBuildFile; fileRef = 27FE7D541B3CC35A0088B785 /* WanderComponent.m */; };
		27FE7D581B3CC7C60088B785 /* BouncyAnimationComponent.m in Sources */ = {isa = PBXBuildFile; fileRef = 27FE7D571B3CC7C60088B785 /* BouncyAnimationComponent.m */; };
/* End PBXBuildFile section */

/* Begin PBXContainerItemProxy section */
		2760622F1B37C571000E505D /* PBXContainerItemProxy */ = {
			isa = PBXContainerItemProxy;
			containerPortal = 2760620E1B37C571000E505D /* Project object */;
			proxyType = 1;
			remoteGlobalIDString = 276062151B37C571000E505D;
			remoteInfo = JLFGameplayKit;
		};
		27E256461B51DDB800237994 /* PBXContainerItemProxy */ = {
			isa = PBXContainerItemProxy;
			containerPortal = 2760620E1B37C571000E505D /* Project object */;
			proxyType = 1;
			remoteGlobalIDString = 27E256391B51DDB700237994;
			remoteInfo = "JLFGameplayKit-iOS";
		};
/* End PBXContainerItemProxy section */

/* Begin PBXCopyFilesBuildPhase section */
		27E256381B51DDB700237994 /* CopyFiles */ = {
			isa = PBXCopyFilesBuildPhase;
			buildActionMask = 2147483647;
			dstPath = "include/$(PRODUCT_NAME)";
			dstSubfolderSpec = 16;
			files = (
			);
			runOnlyForDeploymentPostprocessing = 0;
		};
/* End PBXCopyFilesBuildPhase section */

/* Begin PBXFileReference section */
		27114D401B4603150087655C /* castle.png */ = {isa = PBXFileReference; lastKnownFileType = image.png; path = castle.png; sourceTree = "<group>"; };
		27114D411B4603150087655C /* keep.png */ = {isa = PBXFileReference; lastKnownFileType = image.png; path = keep.png; sourceTree = "<group>"; };
		27114D421B4603150087655C /* sword.png */ = {isa = PBXFileReference; lastKnownFileType = image.png; path = sword.png; sourceTree = "<group>"; };
		27114D431B4603150087655C /* target.png */ = {isa = PBXFileReference; lastKnownFileType = image.png; path = target.png; sourceTree = "<group>"; };
		27114D441B4603150087655C /* yellow-dot.png */ = {isa = PBXFileReference; lastKnownFileType = image.png; path = "yellow-dot.png"; sourceTree = "<group>"; };
		2712E4351B3E0ACE00B5A5F1 /* JLFGKStateMachine.h */ = {isa = PBXFileReference; fileEncoding = 4; lastKnownFileType = sourcecode.c.h; path = JLFGKStateMachine.h; sourceTree = "<group>"; };
		2712E4361B3E0ACE00B5A5F1 /* JLFGKStateMachine.m */ = {isa = PBXFileReference; fileEncoding = 4; lastKnownFileType = sourcecode.c.objc; path = JLFGKStateMachine.m; sourceTree = "<group>"; };
		271C10861B44B0C900BDFEEB /* JLFGKGraphNode.h */ = {isa = PBXFileReference; fileEncoding = 4; lastKnownFileType = sourcecode.c.h; path = JLFGKGraphNode.h; sourceTree = "<group>"; };
		271C10871B44B0C900BDFEEB /* JLFGKGraphNode.m */ = {isa = PBXFileReference; fileEncoding = 4; lastKnownFileType = sourcecode.c.objc; path = JLFGKGraphNode.m; sourceTree = "<group>"; };
		271C10891B44B25400BDFEEB /* JLFGKGraph.h */ = {isa = PBXFileReference; fileEncoding = 4; lastKnownFileType = sourcecode.c.h; path = JLFGKGraph.h; sourceTree = "<group>"; };
		271C108A1B44B25400BDFEEB /* JLFGKGraph.m */ = {isa = PBXFileReference; fileEncoding = 4; lastKnownFileType = sourcecode.c.objc; path = JLFGKGraph.m; sourceTree = "<group>"; };
		2720D2E81B56FCD10088BEE1 /* Default-568h@2x.png */ = {isa = PBXFileReference; lastKnownFileType = image.png; path = "Default-568h@2x.png"; sourceTree = "<group>"; };
		2720D2E91B56FCD10088BEE1 /* Default-iPhone6.png */ = {isa = PBXFileReference; lastKnownFileType = image.png; path = "Default-iPhone6.png"; sourceTree = "<group>"; };
		2720D2EA1B56FCD10088BEE1 /* Default-iPhone6Plus.png */ = {isa = PBXFileReference; lastKnownFileType = image.png; path = "Default-iPhone6Plus.png"; sourceTree = "<group>"; };
		2720D2EB1B56FCD10088BEE1 /* Default.png */ = {isa = PBXFileReference; lastKnownFileType = image.png; path = Default.png; sourceTree = "<group>"; };
		2720D2EC1B56FCD10088BEE1 /* Default@2x.png */ = {isa = PBXFileReference; lastKnownFileType = image.png; path = "Default@2x.png"; sourceTree = "<group>"; };
		2720D2F21B5701060088BEE1 /* JLFGKGraphNode2D.h */ = {isa = PBXFileReference; fileEncoding = 4; lastKnownFileType = sourcecode.c.h; path = JLFGKGraphNode2D.h; sourceTree = "<group>"; };
		2720D2F31B5701060088BEE1 /* JLFGKGraphNode2D.m */ = {isa = PBXFileReference; fileEncoding = 4; lastKnownFileType = sourcecode.c.objc; path = JLFGKGraphNode2D.m; sourceTree = "<group>"; };
		2720D2F91B5702BD0088BEE1 /* JLFGameplayKit.h */ = {isa = PBXFileReference; lastKnownFileType = sourcecode.c.h; path = JLFGameplayKit.h; sourceTree = "<group>"; };
		2720D2FC1B5705A90088BEE1 /* JLFGKObstacle.h */ = {isa = PBXFileReference; fileEncoding = 4; lastKnownFileType = sourcecode.c.h; path = JLFGKObstacle.h; sourceTree = "<group>"; };
		2720D2FD1B5705A90088BEE1 /* JLFGKObstacle.m */ = {isa = PBXFileReference; fileEncoding = 4; lastKnownFileType = sourcecode.c.objc; path = JLFGKObstacle.m; sourceTree = "<group>"; };
		2720D3031B5705BF0088BEE1 /* JLFGKCircleObstacle.h */ = {isa = PBXFileReference; fileEncoding = 4; lastKnownFileType = sourcecode.c.h; path = JLFGKCircleObstacle.h; sourceTree = "<group>"; };
		2720D3041B5705BF0088BEE1 /* JLFGKCircleObstacle.m */ = {isa = PBXFileReference; fileEncoding = 4; lastKnownFileType = sourcecode.c.objc; path = JLFGKCircleObstacle.m; sourceTree = "<group>"; };
		2720D30A1B5706710088BEE1 /* JLFGKPolygonObstacle.h */ = {isa = PBXFileReference; fileEncoding = 4; lastKnownFileType = sourcecode.c.h; path = JLFGKPolygonObstacle.h; sourceTree = "<group>"; };
		2720D30B1B5706710088BEE1 /* JLFGKPolygonObstacle.m */ = {isa = PBXFileReference; fileEncoding = 4; lastKnownFileType = sourcecode.c.objc; path = JLFGKPolygonObstacle.m; sourceTree = "<group>"; };
		2720D3111B5707EE0088BEE1 /* ObstacleTests.m */ = {isa = PBXFileReference; fileEncoding = 4; lastKnownFileType = sourcecode.c.objc; path = ObstacleTests.m; sourceTree = "<group>"; };
		272C94C61B3BC3030037FC7F /* Characters.atlas */ = {isa = PBXFileReference; lastKnownFileType = folder.skatlas; path = Characters.atlas; sourceTree = "<group>"; };
		276062161B37C571000E505D /* Demo1.app */ = {isa = PBXFileReference; explicitFileType = wrapper.application; includeInIndex = 0; path = Demo1.app; sourceTree = BUILT_PRODUCTS_DIR; };
		2760621A1B37C571000E505D /* Info.plist */ = {isa = PBXFileReference; lastKnownFileType = text.plist.xml; path = Info.plist; sourceTree = "<group>"; };
		2760621B1B37C571000E505D /* AppDelegate.h */ = {isa = PBXFileReference; lastKnownFileType = sourcecode.c.h; path = AppDelegate.h; sourceTree = "<group>"; };
		2760621C1B37C571000E505D /* AppDelegate.m */ = {isa = PBXFileReference; lastKnownFileType = sourcecode.c.objc; path = AppDelegate.m; sourceTree = "<group>"; };
		2760621E1B37C571000E505D /* main.m */ = {isa = PBXFileReference; lastKnownFileType = sourcecode.c.objc; path = main.m; sourceTree = "<group>"; };
		276062201B37C571000E505D /* GameScene.h */ = {isa = PBXFileReference; lastKnownFileType = sourcecode.c.h; path = GameScene.h; sourceTree = "<group>"; };
		276062211B37C571000E505D /* GameScene.m */ = {isa = PBXFileReference; lastKnownFileType = sourcecode.c.objc; path = GameScene.m; sourceTree = "<group>"; };
		276062231B37C571000E505D /* GameScene.sks */ = {isa = PBXFileReference; lastKnownFileType = file.sks; path = GameScene.sks; sourceTree = "<group>"; };
		276062251B37C571000E505D /* Images.xcassets */ = {isa = PBXFileReference; lastKnownFileType = folder.assetcatalog; path = Images.xcassets; sourceTree = "<group>"; };
		276062281B37C571000E505D /* Base */ = {isa = PBXFileReference; lastKnownFileType = file.xib; name = Base; path = Base.lproj/MainMenu.xib; sourceTree = "<group>"; };
		2760622E1B37C571000E505D /* JLFGameplayKitTests.xctest */ = {isa = PBXFileReference; explicitFileType = wrapper.cfbundle; includeInIndex = 0; path = JLFGameplayKitTests.xctest; sourceTree = BUILT_PRODUCTS_DIR; };
		276062331B37C571000E505D /* Info.plist */ = {isa = PBXFileReference; lastKnownFileType = text.plist.xml; path = Info.plist; sourceTree = "<group>"; };
		2760623F1B37C5AE000E505D /* JLFGKEntity.h */ = {isa = PBXFileReference; fileEncoding = 4; lastKnownFileType = sourcecode.c.h; path = JLFGKEntity.h; sourceTree = "<group>"; };
		276062401B37C5AE000E505D /* JLFGKEntity.m */ = {isa = PBXFileReference; fileEncoding = 4; lastKnownFileType = sourcecode.c.objc; path = JLFGKEntity.m; sourceTree = "<group>"; };
		276062421B37C5D2000E505D /* JLFGKComponent.h */ = {isa = PBXFileReference; fileEncoding = 4; lastKnownFileType = sourcecode.c.h; path = JLFGKComponent.h; sourceTree = "<group>"; };
		276062431B37C5D2000E505D /* JLFGKComponent.m */ = {isa = PBXFileReference; fileEncoding = 4; lastKnownFileType = sourcecode.c.objc; path = JLFGKComponent.m; sourceTree = "<group>"; };
		276062451B37C5DC000E505D /* JLFGKComponentSystem.h */ = {isa = PBXFileReference; fileEncoding = 4; lastKnownFileType = sourcecode.c.h; path = JLFGKComponentSystem.h; sourceTree = "<group>"; };
		276062461B37C5DC000E505D /* JLFGKComponentSystem.m */ = {isa = PBXFileReference; fileEncoding = 4; lastKnownFileType = sourcecode.c.objc; path = JLFGKComponentSystem.m; sourceTree = "<group>"; };
		276062481B37C63F000E505D /* JLFGKComponent+Private.h */ = {isa = PBXFileReference; fileEncoding = 4; lastKnownFileType = sourcecode.c.h; path = "JLFGKComponent+Private.h"; sourceTree = "<group>"; };
		276062491B37C63F000E505D /* JLFGKComponent+Private.m */ = {isa = PBXFileReference; fileEncoding = 4; lastKnownFileType = sourcecode.c.objc; path = "JLFGKComponent+Private.m"; sourceTree = "<group>"; };
		2760624B1B37CE96000E505D /* ComponentTests.m */ = {isa = PBXFileReference; fileEncoding = 4; lastKnownFileType = sourcecode.c.objc; path = ComponentTests.m; sourceTree = "<group>"; };
		277F1DB41B58163700AC8981 /* GeometryTests.m */ = {isa = PBXFileReference; fileEncoding = 4; lastKnownFileType = sourcecode.c.objc; path = GeometryTests.m; sourceTree = "<group>"; };
		277F1DB71B58168600AC8981 /* JLFGKPolygonObstacle+Geometry.h */ = {isa = PBXFileReference; fileEncoding = 4; lastKnownFileType = sourcecode.c.h; path = "JLFGKPolygonObstacle+Geometry.h"; sourceTree = "<group>"; };
		277F1DB81B58168600AC8981 /* JLFGKPolygonObstacle+Geometry.m */ = {isa = PBXFileReference; fileEncoding = 4; lastKnownFileType = sourcecode.c.objc; path = "JLFGKPolygonObstacle+Geometry.m"; sourceTree = "<group>"; };
		277F1DBF1B582E5A00AC8981 /* JLFGKGeometry.h */ = {isa = PBXFileReference; fileEncoding = 4; lastKnownFileType = sourcecode.c.h; path = JLFGKGeometry.h; sourceTree = "<group>"; };
		277F1DC11B582ED600AC8981 /* JLFGKGeometry.c */ = {isa = PBXFileReference; fileEncoding = 4; lastKnownFileType = sourcecode.c.c; path = JLFGKGeometry.c; sourceTree = "<group>"; };
		277F1DC61B5AB30D00AC8981 /* JLFGKGraphNode2D+Private.h */ = {isa = PBXFileReference; fileEncoding = 4; lastKnownFileType = sourcecode.c.h; path = "JLFGKGraphNode2D+Private.h"; sourceTree = "<group>"; };
		27A9F8E81B55799D00DD1FBE /* PathMoveComponent.h */ = {isa = PBXFileReference; fileEncoding = 4; lastKnownFileType = sourcecode.c.h; path = PathMoveComponent.h; sourceTree = "<group>"; };
		27A9F8E91B55799D00DD1FBE /* PathMoveComponent.m */ = {isa = PBXFileReference; fileEncoding = 4; lastKnownFileType = sourcecode.c.objc; path = PathMoveComponent.m; sourceTree = "<group>"; };
		27AA85751B47550D00AF2DDA /* PathFollowingComponent.h */ = {isa = PBXFileReference; fileEncoding = 4; lastKnownFileType = sourcecode.c.h; path = PathFollowingComponent.h; sourceTree = "<group>"; };
		27AA85761B47550D00AF2DDA /* PathFollowingComponent.m */ = {isa = PBXFileReference; fileEncoding = 4; lastKnownFileType = sourcecode.c.objc; path = PathFollowingComponent.m; sourceTree = "<group>"; };
		27AA857E1B4779C400AF2DDA /* PathFollowingComponentStates.h */ = {isa = PBXFileReference; fileEncoding = 4; lastKnownFileType = sourcecode.c.h; path = PathFollowingComponentStates.h; sourceTree = "<group>"; };
		27AA857F1B4779C400AF2DDA /* PathFollowingComponentStates.m */ = {isa = PBXFileReference; fileEncoding = 4; lastKnownFileType = sourcecode.c.objc; path = PathFollowingComponentStates.m; sourceTree = "<group>"; };
		27AD86F51B5370970009489D /* JLFGKGridGraph.h */ = {isa = PBXFileReference; fileEncoding = 4; lastKnownFileType = sourcecode.c.h; path = JLFGKGridGraph.h; sourceTree = "<group>"; };
		27AD86F61B5370970009489D /* JLFGKGridGraph.m */ = {isa = PBXFileReference; fileEncoding = 4; lastKnownFileType = sourcecode.c.objc; path = JLFGKGridGraph.m; sourceTree = "<group>"; };
		27AD86F71B5370970009489D /* JLFGKGridGraphNode.h */ = {isa = PBXFileReference; fileEncoding = 4; lastKnownFileType = sourcecode.c.h; path = JLFGKGridGraphNode.h; sourceTree = "<group>"; };
		27AD86F81B5370970009489D /* JLFGKGridGraphNode.m */ = {isa = PBXFileReference; fileEncoding = 4; lastKnownFileType = sourcecode.c.objc; path = JLFGKGridGraphNode.m; sourceTree = "<group>"; };
		27B7E4BD1B3E057500705D17 /* JLFGKState.h */ = {isa = PBXFileReference; fileEncoding = 4; lastKnownFileType = sourcecode.c.h; path = JLFGKState.h; sourceTree = "<group>"; };
		27B7E4BE1B3E057500705D17 /* JLFGKState.m */ = {isa = PBXFileReference; fileEncoding = 4; lastKnownFileType = sourcecode.c.objc; path = JLFGKState.m; sourceTree = "<group>"; };
		27B7E4C11B3E05CA00705D17 /* StateMachineTests.m */ = {isa = PBXFileReference; fileEncoding = 4; lastKnownFileType = sourcecode.c.objc; path = StateMachineTests.m; sourceTree = "<group>"; };
		27B7E4C51B3E079A00705D17 /* JLFGKState+Private.h */ = {isa = PBXFileReference; fileEncoding = 4; lastKnownFileType = sourcecode.c.h; path = "JLFGKState+Private.h"; sourceTree = "<group>"; };
		27B7E4C61B3E079A00705D17 /* JLFGKState+Private.m */ = {isa = PBXFileReference; fileEncoding = 4; lastKnownFileType = sourcecode.c.objc; path = "JLFGKState+Private.m"; sourceTree = "<group>"; };
		27B9362F1B576414007FEB54 /* JLFGKObstacleGraph.h */ = {isa = PBXFileReference; fileEncoding = 4; lastKnownFileType = sourcecode.c.h; path = JLFGKObstacleGraph.h; sourceTree = "<group>"; };
		27B936301B576414007FEB54 /* JLFGKObstacleGraph.m */ = {isa = PBXFileReference; fileEncoding = 4; lastKnownFileType = sourcecode.c.objc; path = JLFGKObstacleGraph.m; sourceTree = "<group>"; };
		27B995DA1B54515D0096234A /* Base */ = {isa = PBXFileReference; lastKnownFileType = file.storyboard; name = Base; path = Base.lproj/Main.storyboard; sourceTree = "<group>"; };
		27B995DF1B5476830096234A /* CellularAutomata.h */ = {isa = PBXFileReference; fileEncoding = 4; lastKnownFileType = sourcecode.c.h; path = CellularAutomata.h; sourceTree = "<group>"; };
		27B995E01B5476830096234A /* CellularAutomata.m */ = {isa = PBXFileReference; fileEncoding = 4; lastKnownFileType = sourcecode.c.objc; path = CellularAutomata.m; sourceTree = "<group>"; };
		27B995FD1B5562950096234A /* BouncyComponent.h */ = {isa = PBXFileReference; fileEncoding = 4; lastKnownFileType = sourcecode.c.h; path = BouncyComponent.h; sourceTree = "<group>"; };
		27B995FE1B5562950096234A /* BouncyComponent.m */ = {isa = PBXFileReference; fileEncoding = 4; lastKnownFileType = sourcecode.c.objc; path = BouncyComponent.m; sourceTree = "<group>"; };
		27B995FF1B5562950096234A /* CGPointMath.h */ = {isa = PBXFileReference; fileEncoding = 4; lastKnownFileType = sourcecode.c.h; path = CGPointMath.h; sourceTree = "<group>"; };
		27B996001B5562950096234A /* CGPointMath.m */ = {isa = PBXFileReference; fileEncoding = 4; lastKnownFileType = sourcecode.c.objc; path = CGPointMath.m; sourceTree = "<group>"; };
		27B996031B5562B30096234A /* SpriteComponent.h */ = {isa = PBXFileReference; fileEncoding = 4; lastKnownFileType = sourcecode.c.h; path = SpriteComponent.h; sourceTree = "<group>"; };
		27B996041B5562B30096234A /* SpriteComponent.m */ = {isa = PBXFileReference; fileEncoding = 4; lastKnownFileType = sourcecode.c.objc; path = SpriteComponent.m; sourceTree = "<group>"; };
		27B9C3C41B45C0B600B61989 /* JLFGKSimplePriorityQueue.h */ = {isa = PBXFileReference; fileEncoding = 4; lastKnownFileType = sourcecode.c.h; path = JLFGKSimplePriorityQueue.h; sourceTree = "<group>"; };
		27B9C3C51B45C0B600B61989 /* JLFGKSimplePriorityQueue.m */ = {isa = PBXFileReference; fileEncoding = 4; lastKnownFileType = sourcecode.c.objc; path = JLFGKSimplePriorityQueue.m; sourceTree = "<group>"; };
		27B9C3C71B45C5E000B61989 /* PriorityQueueTests.m */ = {isa = PBXFileReference; fileEncoding = 4; lastKnownFileType = sourcecode.c.objc; path = PriorityQueueTests.m; sourceTree = "<group>"; };
		27B9C3CD1B45F33700B61989 /* PathfindingDemo1.app */ = {isa = PBXFileReference; explicitFileType = wrapper.application; includeInIndex = 0; path = PathfindingDemo1.app; sourceTree = BUILT_PRODUCTS_DIR; };
		27B9C3D01B45F33700B61989 /* Info.plist */ = {isa = PBXFileReference; lastKnownFileType = text.plist.xml; path = Info.plist; sourceTree = "<group>"; };
		27B9C3D11B45F33700B61989 /* AppDelegate.h */ = {isa = PBXFileReference; lastKnownFileType = sourcecode.c.h; path = AppDelegate.h; sourceTree = "<group>"; };
		27B9C3D21B45F33700B61989 /* AppDelegate.m */ = {isa = PBXFileReference; lastKnownFileType = sourcecode.c.objc; path = AppDelegate.m; sourceTree = "<group>"; };
		27B9C3D41B45F33700B61989 /* main.m */ = {isa = PBXFileReference; lastKnownFileType = sourcecode.c.objc; path = main.m; sourceTree = "<group>"; };
		27B9C3D61B45F33700B61989 /* GameScene.h */ = {isa = PBXFileReference; lastKnownFileType = sourcecode.c.h; path = GameScene.h; sourceTree = "<group>"; };
		27B9C3D71B45F33700B61989 /* GameScene.m */ = {isa = PBXFileReference; lastKnownFileType = sourcecode.c.objc; path = GameScene.m; sourceTree = "<group>"; };
		27B9C3D91B45F33700B61989 /* GameScene.sks */ = {isa = PBXFileReference; lastKnownFileType = file.sks; path = GameScene.sks; sourceTree = "<group>"; };
		27B9C3DB1B45F33700B61989 /* Images.xcassets */ = {isa = PBXFileReference; lastKnownFileType = folder.assetcatalog; path = Images.xcassets; sourceTree = "<group>"; };
		27B9C3DE1B45F33700B61989 /* Base */ = {isa = PBXFileReference; lastKnownFileType = file.xib; name = Base; path = Base.lproj/MainMenu.xib; sourceTree = "<group>"; };
		27B9C3F41B45F37500B61989 /* map.png */ = {isa = PBXFileReference; lastKnownFileType = image.png; path = map.png; sourceTree = "<group>"; };
		27D343DD1B45A9F400172A4D /* PathfindingTests.m */ = {isa = PBXFileReference; fileEncoding = 4; lastKnownFileType = sourcecode.c.objc; path = PathfindingTests.m; sourceTree = "<group>"; };
		27E255E21B51DB4200237994 /* libJLFGameplayKit.a */ = {isa = PBXFileReference; explicitFileType = archive.ar; includeInIndex = 0; path = libJLFGameplayKit.a; sourceTree = BUILT_PRODUCTS_DIR; };
		27E2563A1B51DDB700237994 /* libJLFGameplayKit-iOS.a */ = {isa = PBXFileReference; explicitFileType = archive.ar; includeInIndex = 0; path = "libJLFGameplayKit-iOS.a"; sourceTree = BUILT_PRODUCTS_DIR; };
		27E256441B51DDB800237994 /* JLFGameplayKit-iOS Tests.xctest */ = {isa = PBXFileReference; explicitFileType = wrapper.cfbundle; includeInIndex = 0; path = "JLFGameplayKit-iOS Tests.xctest"; sourceTree = BUILT_PRODUCTS_DIR; };
		27F00F351B5449E700DF3EB7 /* PathfindingDemo2.app */ = {isa = PBXFileReference; explicitFileType = wrapper.application; includeInIndex = 0; path = PathfindingDemo2.app; sourceTree = BUILT_PRODUCTS_DIR; };
		27F00F381B5449E700DF3EB7 /* Info.plist */ = {isa = PBXFileReference; lastKnownFileType = text.plist.xml; path = Info.plist; sourceTree = "<group>"; };
		27F00F391B5449E700DF3EB7 /* main.m */ = {isa = PBXFileReference; lastKnownFileType = sourcecode.c.objc; path = main.m; sourceTree = "<group>"; };
		27F00F3B1B5449E700DF3EB7 /* AppDelegate.h */ = {isa = PBXFileReference; lastKnownFileType = sourcecode.c.h; path = AppDelegate.h; sourceTree = "<group>"; };
		27F00F3C1B5449E700DF3EB7 /* AppDelegate.m */ = {isa = PBXFileReference; lastKnownFileType = sourcecode.c.objc; path = AppDelegate.m; sourceTree = "<group>"; };
		27F00F3E1B5449E700DF3EB7 /* GameScene.h */ = {isa = PBXFileReference; lastKnownFileType = sourcecode.c.h; path = GameScene.h; sourceTree = "<group>"; };
		27F00F3F1B5449E700DF3EB7 /* GameScene.m */ = {isa = PBXFileReference; lastKnownFileType = sourcecode.c.objc; path = GameScene.m; sourceTree = "<group>"; };
		27F00F431B5449E700DF3EB7 /* GameViewController.h */ = {isa = PBXFileReference; lastKnownFileType = sourcecode.c.h; path = GameViewController.h; sourceTree = "<group>"; };
		27F00F441B5449E700DF3EB7 /* GameViewController.m */ = {isa = PBXFileReference; lastKnownFileType = sourcecode.c.objc; path = GameViewController.m; sourceTree = "<group>"; };
		27F00F491B5449E700DF3EB7 /* Images-Demo2.xcassets */ = {isa = PBXFileReference; lastKnownFileType = folder.assetcatalog; path = "Images-Demo2.xcassets"; sourceTree = "<group>"; };
		27FE7D4A1B3C8AA80088B785 /* MoveComponent.h */ = {isa = PBXFileReference; fileEncoding = 4; lastKnownFileType = sourcecode.c.h; path = MoveComponent.h; sourceTree = "<group>"; };
		27FE7D4B1B3C8AA80088B785 /* MoveComponent.m */ = {isa = PBXFileReference; fileEncoding = 4; lastKnownFileType = sourcecode.c.objc; path = MoveComponent.m; sourceTree = "<group>"; };
		27FE7D501B3C8FFF0088B785 /* CharacterAnimationComponent.h */ = {isa = PBXFileReference; fileEncoding = 4; lastKnownFileType = sourcecode.c.h; path = CharacterAnimationComponent.h; sourceTree = "<group>"; };
		27FE7D511B3C8FFF0088B785 /* CharacterAnimationComponent.m */ = {isa = PBXFileReference; fileEncoding = 4; lastKnownFileType = sourcecode.c.objc; path = CharacterAnimationComponent.m; sourceTree = "<group>"; };
		27FE7D531B3CC35A0088B785 /* WanderComponent.h */ = {isa = PBXFileReference; fileEncoding = 4; lastKnownFileType = sourcecode.c.h; path = WanderComponent.h; sourceTree = "<group>"; };
		27FE7D541B3CC35A0088B785 /* WanderComponent.m */ = {isa = PBXFileReference; fileEncoding = 4; lastKnownFileType = sourcecode.c.objc; path = WanderComponent.m; sourceTree = "<group>"; };
		27FE7D561B3CC7C60088B785 /* BouncyAnimationComponent.h */ = {isa = PBXFileReference; fileEncoding = 4; lastKnownFileType = sourcecode.c.h; path = BouncyAnimationComponent.h; sourceTree = "<group>"; };
		27FE7D571B3CC7C60088B785 /* BouncyAnimationComponent.m */ = {isa = PBXFileReference; fileEncoding = 4; lastKnownFileType = sourcecode.c.objc; path = BouncyAnimationComponent.m; sourceTree = "<group>"; };
/* End PBXFileReference section */

/* Begin PBXFrameworksBuildPhase section */
		276062131B37C571000E505D /* Frameworks */ = {
			isa = PBXFrameworksBuildPhase;
			buildActionMask = 2147483647;
			files = (
				27A9F8E21B55694900DD1FBE /* libJLFGameplayKit.a in Frameworks */,
			);
			runOnlyForDeploymentPostprocessing = 0;
		};
		2760622B1B37C571000E505D /* Frameworks */ = {
			isa = PBXFrameworksBuildPhase;
			buildActionMask = 2147483647;
			files = (
			);
			runOnlyForDeploymentPostprocessing = 0;
		};
		27B9C3CA1B45F33700B61989 /* Frameworks */ = {
			isa = PBXFrameworksBuildPhase;
			buildActionMask = 2147483647;
			files = (
				27A9F8E31B55694E00DD1FBE /* libJLFGameplayKit.a in Frameworks */,
			);
			runOnlyForDeploymentPostprocessing = 0;
		};
		27E255DF1B51DB4200237994 /* Frameworks */ = {
			isa = PBXFrameworksBuildPhase;
			buildActionMask = 2147483647;
			files = (
			);
			runOnlyForDeploymentPostprocessing = 0;
		};
		27E256371B51DDB700237994 /* Frameworks */ = {
			isa = PBXFrameworksBuildPhase;
			buildActionMask = 2147483647;
			files = (
			);
			runOnlyForDeploymentPostprocessing = 0;
		};
		27E256411B51DDB800237994 /* Frameworks */ = {
			isa = PBXFrameworksBuildPhase;
			buildActionMask = 2147483647;
			files = (
				27E256451B51DDB800237994 /* libJLFGameplayKit-iOS.a in Frameworks */,
			);
			runOnlyForDeploymentPostprocessing = 0;
		};
		27F00F321B5449E600DF3EB7 /* Frameworks */ = {
			isa = PBXFrameworksBuildPhase;
			buildActionMask = 2147483647;
			files = (
				27A9F8E41B55696E00DD1FBE /* libJLFGameplayKit-iOS.a in Frameworks */,
			);
			runOnlyForDeploymentPostprocessing = 0;
		};
/* End PBXFrameworksBuildPhase section */

/* Begin PBXGroup section */
		2760620D1B37C571000E505D = {
			isa = PBXGroup;
			children = (
				2760623E1B37C59C000E505D /* JLFGameplayKit */,
				276062311B37C571000E505D /* Tests */,
				27DDA57E1B38B32500E1A005 /* Assets */,
				27B995FC1B5562260096234A /* Common */,
				276062181B37C571000E505D /* Demo1 */,
				27B9C3CE1B45F33700B61989 /* PathfindingDemo1 */,
				27F00F361B5449E700DF3EB7 /* PathfindingDemo2 */,
				276062171B37C571000E505D /* Products */,
			);
			sourceTree = "<group>";
		};
		276062171B37C571000E505D /* Products */ = {
			isa = PBXGroup;
			children = (
				276062161B37C571000E505D /* Demo1.app */,
				2760622E1B37C571000E505D /* JLFGameplayKitTests.xctest */,
				27B9C3CD1B45F33700B61989 /* PathfindingDemo1.app */,
				27E255E21B51DB4200237994 /* libJLFGameplayKit.a */,
				27E2563A1B51DDB700237994 /* libJLFGameplayKit-iOS.a */,
				27E256441B51DDB800237994 /* JLFGameplayKit-iOS Tests.xctest */,
				27F00F351B5449E700DF3EB7 /* PathfindingDemo2.app */,
			);
			name = Products;
			sourceTree = "<group>";
		};
		276062181B37C571000E505D /* Demo1 */ = {
			isa = PBXGroup;
			children = (
				2760621B1B37C571000E505D /* AppDelegate.h */,
				2760621C1B37C571000E505D /* AppDelegate.m */,
				27FE7D561B3CC7C60088B785 /* BouncyAnimationComponent.h */,
				27FE7D571B3CC7C60088B785 /* BouncyAnimationComponent.m */,
				27FE7D501B3C8FFF0088B785 /* CharacterAnimationComponent.h */,
				27FE7D511B3C8FFF0088B785 /* CharacterAnimationComponent.m */,
				276062201B37C571000E505D /* GameScene.h */,
				276062211B37C571000E505D /* GameScene.m */,
				276062231B37C571000E505D /* GameScene.sks */,
				27FE7D4A1B3C8AA80088B785 /* MoveComponent.h */,
				27FE7D4B1B3C8AA80088B785 /* MoveComponent.m */,
				27FE7D531B3CC35A0088B785 /* WanderComponent.h */,
				27FE7D541B3CC35A0088B785 /* WanderComponent.m */,
				276062251B37C571000E505D /* Images.xcassets */,
				276062271B37C571000E505D /* MainMenu.xib */,
				276062191B37C571000E505D /* Supporting Files */,
			);
			path = Demo1;
			sourceTree = "<group>";
		};
		276062191B37C571000E505D /* Supporting Files */ = {
			isa = PBXGroup;
			children = (
				2760621A1B37C571000E505D /* Info.plist */,
				2760621E1B37C571000E505D /* main.m */,
			);
			name = "Supporting Files";
			sourceTree = "<group>";
		};
		276062311B37C571000E505D /* Tests */ = {
			isa = PBXGroup;
			children = (
				2760624B1B37CE96000E505D /* ComponentTests.m */,
				277F1DB41B58163700AC8981 /* GeometryTests.m */,
				2720D3111B5707EE0088BEE1 /* ObstacleTests.m */,
				27D343DD1B45A9F400172A4D /* PathfindingTests.m */,
				27B9C3C71B45C5E000B61989 /* PriorityQueueTests.m */,
				27B7E4C11B3E05CA00705D17 /* StateMachineTests.m */,
				276062321B37C571000E505D /* Supporting Files */,
			);
			path = Tests;
			sourceTree = "<group>";
		};
		276062321B37C571000E505D /* Supporting Files */ = {
			isa = PBXGroup;
			children = (
				276062331B37C571000E505D /* Info.plist */,
			);
			name = "Supporting Files";
			sourceTree = "<group>";
		};
		2760623E1B37C59C000E505D /* JLFGameplayKit */ = {
			isa = PBXGroup;
			children = (
				2720D2F91B5702BD0088BEE1 /* JLFGameplayKit.h */,
				2720D3031B5705BF0088BEE1 /* JLFGKCircleObstacle.h */,
				2720D3041B5705BF0088BEE1 /* JLFGKCircleObstacle.m */,
				276062421B37C5D2000E505D /* JLFGKComponent.h */,
				276062431B37C5D2000E505D /* JLFGKComponent.m */,
				276062481B37C63F000E505D /* JLFGKComponent+Private.h */,
				276062491B37C63F000E505D /* JLFGKComponent+Private.m */,
				276062451B37C5DC000E505D /* JLFGKComponentSystem.h */,
				276062461B37C5DC000E505D /* JLFGKComponentSystem.m */,
				2760623F1B37C5AE000E505D /* JLFGKEntity.h */,
				276062401B37C5AE000E505D /* JLFGKEntity.m */,
				277F1DC11B582ED600AC8981 /* JLFGKGeometry.c */,
				277F1DBF1B582E5A00AC8981 /* JLFGKGeometry.h */,
				271C10891B44B25400BDFEEB /* JLFGKGraph.h */,
				271C108A1B44B25400BDFEEB /* JLFGKGraph.m */,
				271C10861B44B0C900BDFEEB /* JLFGKGraphNode.h */,
				271C10871B44B0C900BDFEEB /* JLFGKGraphNode.m */,
				2720D2F21B5701060088BEE1 /* JLFGKGraphNode2D.h */,
				2720D2F31B5701060088BEE1 /* JLFGKGraphNode2D.m */,
				277F1DC61B5AB30D00AC8981 /* JLFGKGraphNode2D+Private.h */,
				27AD86F51B5370970009489D /* JLFGKGridGraph.h */,
				27AD86F61B5370970009489D /* JLFGKGridGraph.m */,
				27AD86F71B5370970009489D /* JLFGKGridGraphNode.h */,
				27AD86F81B5370970009489D /* JLFGKGridGraphNode.m */,
				2720D2FC1B5705A90088BEE1 /* JLFGKObstacle.h */,
				2720D2FD1B5705A90088BEE1 /* JLFGKObstacle.m */,
				27B9362F1B576414007FEB54 /* JLFGKObstacleGraph.h */,
				27B936301B576414007FEB54 /* JLFGKObstacleGraph.m */,
				2720D30A1B5706710088BEE1 /* JLFGKPolygonObstacle.h */,
				2720D30B1B5706710088BEE1 /* JLFGKPolygonObstacle.m */,
				277F1DB71B58168600AC8981 /* JLFGKPolygonObstacle+Geometry.h */,
				277F1DB81B58168600AC8981 /* JLFGKPolygonObstacle+Geometry.m */,
				27B9C3C41B45C0B600B61989 /* JLFGKSimplePriorityQueue.h */,
				27B9C3C51B45C0B600B61989 /* JLFGKSimplePriorityQueue.m */,
				27B7E4BD1B3E057500705D17 /* JLFGKState.h */,
				27B7E4BE1B3E057500705D17 /* JLFGKState.m */,
				27B7E4C51B3E079A00705D17 /* JLFGKState+Private.h */,
				27B7E4C61B3E079A00705D17 /* JLFGKState+Private.m */,
				2712E4351B3E0ACE00B5A5F1 /* JLFGKStateMachine.h */,
				2712E4361B3E0ACE00B5A5F1 /* JLFGKStateMachine.m */,
			);
			path = JLFGameplayKit;
			sourceTree = "<group>";
		};
		27B995FC1B5562260096234A /* Common */ = {
			isa = PBXGroup;
			children = (
				27B995FD1B5562950096234A /* BouncyComponent.h */,
				27B995FE1B5562950096234A /* BouncyComponent.m */,
				27B995FF1B5562950096234A /* CGPointMath.h */,
				27B996001B5562950096234A /* CGPointMath.m */,
				27B996031B5562B30096234A /* SpriteComponent.h */,
				27B996041B5562B30096234A /* SpriteComponent.m */,
			);
			path = Common;
			sourceTree = "<group>";
		};
		27B9C3CE1B45F33700B61989 /* PathfindingDemo1 */ = {
			isa = PBXGroup;
			children = (
				27B9C3D11B45F33700B61989 /* AppDelegate.h */,
				27B9C3D21B45F33700B61989 /* AppDelegate.m */,
				27B9C3D61B45F33700B61989 /* GameScene.h */,
				27B9C3D71B45F33700B61989 /* GameScene.m */,
				27B9C3D91B45F33700B61989 /* GameScene.sks */,
				27AA85751B47550D00AF2DDA /* PathFollowingComponent.h */,
				27AA85761B47550D00AF2DDA /* PathFollowingComponent.m */,
				27AA857E1B4779C400AF2DDA /* PathFollowingComponentStates.h */,
				27AA857F1B4779C400AF2DDA /* PathFollowingComponentStates.m */,
				27B9C3DB1B45F33700B61989 /* Images.xcassets */,
				27B9C3DD1B45F33700B61989 /* MainMenu.xib */,
				27B9C3CF1B45F33700B61989 /* Supporting Files */,
			);
			path = PathfindingDemo1;
			sourceTree = "<group>";
		};
		27B9C3CF1B45F33700B61989 /* Supporting Files */ = {
			isa = PBXGroup;
			children = (
				27B9C3D01B45F33700B61989 /* Info.plist */,
				27B9C3D41B45F33700B61989 /* main.m */,
			);
			name = "Supporting Files";
			sourceTree = "<group>";
		};
		27DDA57E1B38B32500E1A005 /* Assets */ = {
			isa = PBXGroup;
			children = (
				27114D401B4603150087655C /* castle.png */,
				27114D411B4603150087655C /* keep.png */,
				27114D421B4603150087655C /* sword.png */,
				27114D431B4603150087655C /* target.png */,
				27114D441B4603150087655C /* yellow-dot.png */,
				27B9C3F41B45F37500B61989 /* map.png */,
				272C94C61B3BC3030037FC7F /* Characters.atlas */,
			);
			path = Assets;
			sourceTree = "<group>";
		};
		27F00F361B5449E700DF3EB7 /* PathfindingDemo2 */ = {
			isa = PBXGroup;
			children = (
				27F00F3B1B5449E700DF3EB7 /* AppDelegate.h */,
				27F00F3C1B5449E700DF3EB7 /* AppDelegate.m */,
				27B995DF1B5476830096234A /* CellularAutomata.h */,
				27B995E01B5476830096234A /* CellularAutomata.m */,
				27F00F3E1B5449E700DF3EB7 /* GameScene.h */,
				27F00F3F1B5449E700DF3EB7 /* GameScene.m */,
				27F00F431B5449E700DF3EB7 /* GameViewController.h */,
				27F00F441B5449E700DF3EB7 /* GameViewController.m */,
				27A9F8E81B55799D00DD1FBE /* PathMoveComponent.h */,
				27A9F8E91B55799D00DD1FBE /* PathMoveComponent.m */,
				27F00F491B5449E700DF3EB7 /* Images-Demo2.xcassets */,
				27B995D91B54515D0096234A /* Main.storyboard */,
				27F00F371B5449E700DF3EB7 /* Supporting Files */,
			);
			path = PathfindingDemo2;
			sourceTree = "<group>";
		};
		27F00F371B5449E700DF3EB7 /* Supporting Files */ = {
			isa = PBXGroup;
			children = (
				2720D2E81B56FCD10088BEE1 /* Default-568h@2x.png */,
				2720D2E91B56FCD10088BEE1 /* Default-iPhone6.png */,
				2720D2EA1B56FCD10088BEE1 /* Default-iPhone6Plus.png */,
				2720D2EB1B56FCD10088BEE1 /* Default.png */,
				2720D2EC1B56FCD10088BEE1 /* Default@2x.png */,
				27F00F381B5449E700DF3EB7 /* Info.plist */,
				27F00F391B5449E700DF3EB7 /* main.m */,
			);
			name = "Supporting Files";
			sourceTree = "<group>";
		};
/* End PBXGroup section */

/* Begin PBXHeadersBuildPhase section */
		27E255E01B51DB4200237994 /* Headers */ = {
			isa = PBXHeadersBuildPhase;
			buildActionMask = 2147483647;
			files = (
				27B9363B1B576437007FEB54 /* JLFGKGraphNode.h in Headers */,
				27B9363D1B576437007FEB54 /* JLFGKStateMachine.h in Headers */,
				2720D2FE1B5705A90088BEE1 /* JLFGKObstacle.h in Headers */,
				27AD86FB1B5370970009489D /* JLFGKGridGraphNode.h in Headers */,
				277F1DC01B582E5A00AC8981 /* JLFGKGeometry.h in Headers */,
				27B936361B576437007FEB54 /* JLFGameplayKit.h in Headers */,
				27AD86F91B5370970009489D /* JLFGKGridGraph.h in Headers */,
				2720D30C1B5706710088BEE1 /* JLFGKPolygonObstacle.h in Headers */,
				27B936371B576437007FEB54 /* JLFGKComponent.h in Headers */,
				27B9363A1B576437007FEB54 /* JLFGKGraph.h in Headers */,
				27B936381B576437007FEB54 /* JLFGKComponentSystem.h in Headers */,
				27B9363C1B576437007FEB54 /* JLFGKState.h in Headers */,
				2720D2F41B5701060088BEE1 /* JLFGKGraphNode2D.h in Headers */,
				27B936391B576437007FEB54 /* JLFGKEntity.h in Headers */,
				2720D3051B5705BF0088BEE1 /* JLFGKCircleObstacle.h in Headers */,
				27B936311B576414007FEB54 /* JLFGKObstacleGraph.h in Headers */,
				277F1DC81B5AB30D00AC8981 /* JLFGKGraphNode2D+Private.h in Headers */,
				277F1DB91B58168600AC8981 /* JLFGKPolygonObstacle+Geometry.h in Headers */,
			);
			runOnlyForDeploymentPostprocessing = 0;
		};
/* End PBXHeadersBuildPhase section */

/* Begin PBXNativeTarget section */
		276062151B37C571000E505D /* Demo1 */ = {
			isa = PBXNativeTarget;
			buildConfigurationList = 276062381B37C571000E505D /* Build configuration list for PBXNativeTarget "Demo1" */;
			buildPhases = (
				276062121B37C571000E505D /* Sources */,
				276062131B37C571000E505D /* Frameworks */,
				276062141B37C571000E505D /* Resources */,
			);
			buildRules = (
			);
			dependencies = (
			);
			name = Demo1;
			productName = JLFGameplayKit;
			productReference = 276062161B37C571000E505D /* Demo1.app */;
			productType = "com.apple.product-type.application";
		};
		2760622D1B37C571000E505D /* JLFGameplayKit Tests */ = {
			isa = PBXNativeTarget;
			buildConfigurationList = 2760623B1B37C571000E505D /* Build configuration list for PBXNativeTarget "JLFGameplayKit Tests" */;
			buildPhases = (
				2760622A1B37C571000E505D /* Sources */,
				2760622B1B37C571000E505D /* Frameworks */,
				2760622C1B37C571000E505D /* Resources */,
			);
			buildRules = (
			);
			dependencies = (
				276062301B37C571000E505D /* PBXTargetDependency */,
			);
			name = "JLFGameplayKit Tests";
			productName = JLFGameplayKitTests;
			productReference = 2760622E1B37C571000E505D /* JLFGameplayKitTests.xctest */;
			productType = "com.apple.product-type.bundle.unit-test";
		};
		27B9C3CC1B45F33700B61989 /* PathfindingDemo1 */ = {
			isa = PBXNativeTarget;
			buildConfigurationList = 27B9C3EC1B45F33700B61989 /* Build configuration list for PBXNativeTarget "PathfindingDemo1" */;
			buildPhases = (
				27B9C3C91B45F33700B61989 /* Sources */,
				27B9C3CA1B45F33700B61989 /* Frameworks */,
				27B9C3CB1B45F33700B61989 /* Resources */,
			);
			buildRules = (
			);
			dependencies = (
			);
			name = PathfindingDemo1;
			productName = PathfindingDemo1;
			productReference = 27B9C3CD1B45F33700B61989 /* PathfindingDemo1.app */;
			productType = "com.apple.product-type.application";
		};
		27E255E11B51DB4200237994 /* JLFGameplayKit */ = {
			isa = PBXNativeTarget;
			buildConfigurationList = 27E255F71B51DB4600237994 /* Build configuration list for PBXNativeTarget "JLFGameplayKit" */;
			buildPhases = (
				27E255DE1B51DB4200237994 /* Sources */,
				27E255DF1B51DB4200237994 /* Frameworks */,
				27E255E01B51DB4200237994 /* Headers */,
			);
			buildRules = (
			);
			dependencies = (
			);
			name = JLFGameplayKit;
			productName = JLFGameplayKit;
			productReference = 27E255E21B51DB4200237994 /* libJLFGameplayKit.a */;
			productType = "com.apple.product-type.library.static";
		};
		27E256391B51DDB700237994 /* JLFGameplayKit-iOS */ = {
			isa = PBXNativeTarget;
			buildConfigurationList = 27E2564B1B51DDB800237994 /* Build configuration list for PBXNativeTarget "JLFGameplayKit-iOS" */;
			buildPhases = (
				27E256361B51DDB700237994 /* Sources */,
				27E256371B51DDB700237994 /* Frameworks */,
				27E256381B51DDB700237994 /* CopyFiles */,
			);
			buildRules = (
			);
			dependencies = (
			);
			name = "JLFGameplayKit-iOS";
			productName = "JLFGameplayKit-iOS";
			productReference = 27E2563A1B51DDB700237994 /* libJLFGameplayKit-iOS.a */;
			productType = "com.apple.product-type.library.static";
		};
		27E256431B51DDB800237994 /* JLFGameplayKit-iOS Tests */ = {
			isa = PBXNativeTarget;
			buildConfigurationList = 27E2564E1B51DDB800237994 /* Build configuration list for PBXNativeTarget "JLFGameplayKit-iOS Tests" */;
			buildPhases = (
				27E256401B51DDB800237994 /* Sources */,
				27E256411B51DDB800237994 /* Frameworks */,
				27E256421B51DDB800237994 /* Resources */,
			);
			buildRules = (
			);
			dependencies = (
				27E256471B51DDB800237994 /* PBXTargetDependency */,
			);
			name = "JLFGameplayKit-iOS Tests";
			productName = "JLFGameplayKit-iOSTests";
			productReference = 27E256441B51DDB800237994 /* JLFGameplayKit-iOS Tests.xctest */;
			productType = "com.apple.product-type.bundle.unit-test";
		};
		27F00F341B5449E600DF3EB7 /* PathfindingDemo2 */ = {
			isa = PBXNativeTarget;
			buildConfigurationList = 27F00F5A1B5449E700DF3EB7 /* Build configuration list for PBXNativeTarget "PathfindingDemo2" */;
			buildPhases = (
				27F00F311B5449E600DF3EB7 /* Sources */,
				27F00F321B5449E600DF3EB7 /* Frameworks */,
				27F00F331B5449E600DF3EB7 /* Resources */,
			);
			buildRules = (
			);
			dependencies = (
			);
			name = PathfindingDemo2;
			productName = PathfindingDemo2;
			productReference = 27F00F351B5449E700DF3EB7 /* PathfindingDemo2.app */;
			productType = "com.apple.product-type.application";
		};
/* End PBXNativeTarget section */

/* Begin PBXProject section */
		2760620E1B37C571000E505D /* Project object */ = {
			isa = PBXProject;
			attributes = {
				LastUpgradeCheck = 0640;
				ORGANIZATIONNAME = "Jonathan Fischer";
				TargetAttributes = {
					276062151B37C571000E505D = {
						CreatedOnToolsVersion = 6.3.2;
					};
					2760622D1B37C571000E505D = {
						CreatedOnToolsVersion = 6.3.2;
					};
					27B9C3CC1B45F33700B61989 = {
						CreatedOnToolsVersion = 6.4;
					};
					27E255E11B51DB4200237994 = {
						CreatedOnToolsVersion = 6.4;
					};
					27E256391B51DDB700237994 = {
						CreatedOnToolsVersion = 6.4;
					};
					27E256431B51DDB800237994 = {
						CreatedOnToolsVersion = 6.4;
					};
					27F00F341B5449E600DF3EB7 = {
						CreatedOnToolsVersion = 6.4;
					};
				};
			};
			buildConfigurationList = 276062111B37C571000E505D /* Build configuration list for PBXProject "JLFGameplayKit" */;
			compatibilityVersion = "Xcode 3.2";
			developmentRegion = English;
			hasScannedForEncodings = 0;
			knownRegions = (
				en,
				Base,
			);
			mainGroup = 2760620D1B37C571000E505D;
			productRefGroup = 276062171B37C571000E505D /* Products */;
			projectDirPath = "";
			projectRoot = "";
			targets = (
				27E255E11B51DB4200237994 /* JLFGameplayKit */,
				2760622D1B37C571000E505D /* JLFGameplayKit Tests */,
				27E256391B51DDB700237994 /* JLFGameplayKit-iOS */,
				27E256431B51DDB800237994 /* JLFGameplayKit-iOS Tests */,
				276062151B37C571000E505D /* Demo1 */,
				27B9C3CC1B45F33700B61989 /* PathfindingDemo1 */,
				27F00F341B5449E600DF3EB7 /* PathfindingDemo2 */,
			);
		};
/* End PBXProject section */

/* Begin PBXResourcesBuildPhase section */
		276062141B37C571000E505D /* Resources */ = {
			isa = PBXResourcesBuildPhase;
			buildActionMask = 2147483647;
			files = (
				27A9F8E11B55691500DD1FBE /* MainMenu.xib in Resources */,
				276062241B37C571000E505D /* GameScene.sks in Resources */,
				276062261B37C571000E505D /* Images.xcassets in Resources */,
				272C94C71B3BC3030037FC7F /* Characters.atlas in Resources */,
			);
			runOnlyForDeploymentPostprocessing = 0;
		};
		2760622C1B37C571000E505D /* Resources */ = {
			isa = PBXResourcesBuildPhase;
			buildActionMask = 2147483647;
			files = (
			);
			runOnlyForDeploymentPostprocessing = 0;
		};
		27B9C3CB1B45F33700B61989 /* Resources */ = {
			isa = PBXResourcesBuildPhase;
			buildActionMask = 2147483647;
			files = (
				27B9C3DA1B45F33700B61989 /* GameScene.sks in Resources */,
				27114D4A1B46031A0087655C /* Characters.atlas in Resources */,
				27114D581B473D080087655C /* keep.png in Resources */,
				27114D591B473D080087655C /* sword.png in Resources */,
				27114D5C1B473D080087655C /* map.png in Resources */,
				27114D5A1B473D080087655C /* target.png in Resources */,
				27114D5B1B473D080087655C /* yellow-dot.png in Resources */,
				27B9C3DC1B45F33700B61989 /* Images.xcassets in Resources */,
				27114D571B473D080087655C /* castle.png in Resources */,
				27B9C3DF1B45F33700B61989 /* MainMenu.xib in Resources */,
			);
			runOnlyForDeploymentPostprocessing = 0;
		};
		27E256421B51DDB800237994 /* Resources */ = {
			isa = PBXResourcesBuildPhase;
			buildActionMask = 2147483647;
			files = (
			);
			runOnlyForDeploymentPostprocessing = 0;
		};
		27F00F331B5449E600DF3EB7 /* Resources */ = {
			isa = PBXResourcesBuildPhase;
			buildActionMask = 2147483647;
			files = (
				27B995DB1B54515D0096234A /* Main.storyboard in Resources */,
				2720D2F01B56FCD10088BEE1 /* Default.png in Resources */,
				2720D2EE1B56FCD10088BEE1 /* Default-iPhone6.png in Resources */,
				2720D2EF1B56FCD10088BEE1 /* Default-iPhone6Plus.png in Resources */,
				27F00F4A1B5449E700DF3EB7 /* Images-Demo2.xcassets in Resources */,
				2720D2F11B56FCD10088BEE1 /* Default@2x.png in Resources */,
				2720D2ED1B56FCD10088BEE1 /* Default-568h@2x.png in Resources */,
			);
			runOnlyForDeploymentPostprocessing = 0;
		};
/* End PBXResourcesBuildPhase section */

/* Begin PBXSourcesBuildPhase section */
		276062121B37C571000E505D /* Sources */ = {
			isa = PBXSourcesBuildPhase;
			buildActionMask = 2147483647;
			files = (
				27A9F8E71B556F1400DD1FBE /* SpriteComponent.m in Sources */,
				27FE7D4C1B3C8AA80088B785 /* MoveComponent.m in Sources */,
				27FE7D581B3CC7C60088B785 /* BouncyAnimationComponent.m in Sources */,
				27FE7D521B3C8FFF0088B785 /* CharacterAnimationComponent.m in Sources */,
				2760621F1B37C571000E505D /* main.m in Sources */,
				27A9F8E61B556F1400DD1FBE /* CGPointMath.m in Sources */,
				276062221B37C571000E505D /* GameScene.m in Sources */,
				2760621D1B37C571000E505D /* AppDelegate.m in Sources */,
				27FE7D551B3CC35A0088B785 /* WanderComponent.m in Sources */,
				27A9F8E51B556F1400DD1FBE /* BouncyComponent.m in Sources */,
			);
			runOnlyForDeploymentPostprocessing = 0;
		};
		2760622A1B37C571000E505D /* Sources */ = {
			isa = PBXSourcesBuildPhase;
			buildActionMask = 2147483647;
			files = (
				27B7E4C31B3E064600705D17 /* StateMachineTests.m in Sources */,
				2760624D1B37D06D000E505D /* JLFGKEntity.m in Sources */,
				279C7CFA1B3E59A400456EE4 /* JLFGKStateMachine.m in Sources */,
				2720D3001B5705A90088BEE1 /* JLFGKObstacle.m in Sources */,
				27B936331B57641E007FEB54 /* JLFGKObstacleGraph.m in Sources */,
				2760624E1B37D06D000E505D /* JLFGKComponent.m in Sources */,
				2720D3071B5705BF0088BEE1 /* JLFGKCircleObstacle.m in Sources */,
				27D343E11B45AA3000172A4D /* JLFGKGraphNode.m in Sources */,
				2760624F1B37D06D000E505D /* JLFGKComponentSystem.m in Sources */,
				2720D30E1B5706710088BEE1 /* JLFGKPolygonObstacle.m in Sources */,
				2720D2F61B5701060088BEE1 /* JLFGKGraphNode2D.m in Sources */,
				276062501B37D06D000E505D /* JLFGKComponent+Private.m in Sources */,
				277F1DBC1B58175A00AC8981 /* JLFGKPolygonObstacle+Geometry.m in Sources */,
				27114D4B1B4627100087655C /* JLFGKSimplePriorityQueue.m in Sources */,
				27D343DF1B45AA2800172A4D /* PathfindingTests.m in Sources */,
				27AD86FD1B537D590009489D /* JLFGKGridGraph.m in Sources */,
				277F1DB51B58163700AC8981 /* GeometryTests.m in Sources */,
				27B7E4C41B3E06AF00705D17 /* JLFGKState.m in Sources */,
				27AD86FE1B537D590009489D /* JLFGKGridGraphNode.m in Sources */,
				27114D4C1B4627100087655C /* JLFGKState+Private.m in Sources */,
				2720D3121B5707EE0088BEE1 /* ObstacleTests.m in Sources */,
				27B9C3C81B45C5E000B61989 /* PriorityQueueTests.m in Sources */,
				277F1DC41B582EF300AC8981 /* JLFGKGeometry.c in Sources */,
				2760624C1B37CE96000E505D /* ComponentTests.m in Sources */,
				27D343E01B45AA3000172A4D /* JLFGKGraph.m in Sources */,
			);
			runOnlyForDeploymentPostprocessing = 0;
		};
		27B9C3C91B45F33700B61989 /* Sources */ = {
			isa = PBXSourcesBuildPhase;
			buildActionMask = 2147483647;
			files = (
				27AA85771B47550D00AF2DDA /* PathFollowingComponent.m in Sources */,
				27B996081B5562C00096234A /* SpriteComponent.m in Sources */,
				27AA85801B4779C400AF2DDA /* PathFollowingComponentStates.m in Sources */,
				27B9C3D51B45F33700B61989 /* main.m in Sources */,
				27B996071B5562C00096234A /* CGPointMath.m in Sources */,
				27B9C3D81B45F33700B61989 /* GameScene.m in Sources */,
				27B996061B5562C00096234A /* BouncyComponent.m in Sources */,
				27B9C3D31B45F33700B61989 /* AppDelegate.m in Sources */,
			);
			runOnlyForDeploymentPostprocessing = 0;
		};
		27E255DE1B51DB4200237994 /* Sources */ = {
			isa = PBXSourcesBuildPhase;
			buildActionMask = 2147483647;
			files = (
				27E255FE1B51DB6A00237994 /* JLFGKGraphNode.m in Sources */,
				27AD86FA1B5370970009489D /* JLFGKGridGraph.m in Sources */,
				277F1DC21B582ED600AC8981 /* JLFGKGeometry.c in Sources */,
				27E255F91B51DB6A00237994 /* JLFGKComponent.m in Sources */,
				27E255FD1B51DB6A00237994 /* JLFGKGraph.m in Sources */,
				2720D30D1B5706710088BEE1 /* JLFGKPolygonObstacle.m in Sources */,
				27E255FC1B51DB6A00237994 /* JLFGKEntity.m in Sources */,
				27E256011B51DB6A00237994 /* JLFGKState+Private.m in Sources */,
				27E255FF1B51DB6A00237994 /* JLFGKSimplePriorityQueue.m in Sources */,
				2720D2F51B5701060088BEE1 /* JLFGKGraphNode2D.m in Sources */,
				27AD86FC1B5370970009489D /* JLFGKGridGraphNode.m in Sources */,
				2720D3061B5705BF0088BEE1 /* JLFGKCircleObstacle.m in Sources */,
				27E255FA1B51DB6A00237994 /* JLFGKComponent+Private.m in Sources */,
				277F1DBA1B58168600AC8981 /* JLFGKPolygonObstacle+Geometry.m in Sources */,
				27E255FB1B51DB6A00237994 /* JLFGKComponentSystem.m in Sources */,
				27E256001B51DB6A00237994 /* JLFGKState.m in Sources */,
				27E256021B51DB6A00237994 /* JLFGKStateMachine.m in Sources */,
				27B936321B576414007FEB54 /* JLFGKObstacleGraph.m in Sources */,
				2720D2FF1B5705A90088BEE1 /* JLFGKObstacle.m in Sources */,
			);
			runOnlyForDeploymentPostprocessing = 0;
		};
		27E256361B51DDB700237994 /* Sources */ = {
			isa = PBXSourcesBuildPhase;
			buildActionMask = 2147483647;
			files = (
				27E256561B51DDE400237994 /* JLFGKGraphNode.m in Sources */,
				27AD86FF1B537D5A0009489D /* JLFGKGridGraph.m in Sources */,
				277F1DC31B582ED600AC8981 /* JLFGKGeometry.c in Sources */,
				27E256511B51DDE400237994 /* JLFGKComponent.m in Sources */,
				27E256551B51DDE400237994 /* JLFGKGraph.m in Sources */,
				2720D30F1B5706710088BEE1 /* JLFGKPolygonObstacle.m in Sources */,
				27E256541B51DDE400237994 /* JLFGKEntity.m in Sources */,
				27E256591B51DDE400237994 /* JLFGKState+Private.m in Sources */,
				27E256571B51DDE400237994 /* JLFGKSimplePriorityQueue.m in Sources */,
				2720D2F71B5701060088BEE1 /* JLFGKGraphNode2D.m in Sources */,
				27AD87001B537D5A0009489D /* JLFGKGridGraphNode.m in Sources */,
				2720D3081B5705BF0088BEE1 /* JLFGKCircleObstacle.m in Sources */,
				27E256521B51DDE400237994 /* JLFGKComponent+Private.m in Sources */,
				277F1DBB1B58168600AC8981 /* JLFGKPolygonObstacle+Geometry.m in Sources */,
				27E256531B51DDE400237994 /* JLFGKComponentSystem.m in Sources */,
				27E256581B51DDE400237994 /* JLFGKState.m in Sources */,
				27E2565A1B51DDE400237994 /* JLFGKStateMachine.m in Sources */,
				27B936341B57641E007FEB54 /* JLFGKObstacleGraph.m in Sources */,
				2720D3011B5705A90088BEE1 /* JLFGKObstacle.m in Sources */,
			);
			runOnlyForDeploymentPostprocessing = 0;
		};
		27E256401B51DDB800237994 /* Sources */ = {
			isa = PBXSourcesBuildPhase;
			buildActionMask = 2147483647;
			files = (
				27E2565D1B51DDE700237994 /* PriorityQueueTests.m in Sources */,
				27B995F51B54C9770096234A /* JLFGKEntity.m in Sources */,
				27B995FB1B54C9770096234A /* JLFGKStateMachine.m in Sources */,
				2720D3021B5705A90088BEE1 /* JLFGKObstacle.m in Sources */,
				27B936351B57641E007FEB54 /* JLFGKObstacleGraph.m in Sources */,
				27B995F41B54C9770096234A /* JLFGKComponentSystem.m in Sources */,
				2720D3091B5705BF0088BEE1 /* JLFGKCircleObstacle.m in Sources */,
				27AD87021B537D5B0009489D /* JLFGKGridGraphNode.m in Sources */,
				27B995F61B54C9770096234A /* JLFGKGraph.m in Sources */,
				2720D3101B5706710088BEE1 /* JLFGKPolygonObstacle.m in Sources */,
				2720D2F81B5701060088BEE1 /* JLFGKGraphNode2D.m in Sources */,
				27B995F71B54C9770096234A /* JLFGKGraphNode.m in Sources */,
				277F1DBE1B58175B00AC8981 /* JLFGKPolygonObstacle+Geometry.m in Sources */,
				27B995F31B54C9770096234A /* JLFGKComponent+Private.m in Sources */,
				27B995F81B54C9770096234A /* JLFGKSimplePriorityQueue.m in Sources */,
				27E2565C1B51DDE700237994 /* PathfindingTests.m in Sources */,
				277F1DB61B58163A00AC8981 /* GeometryTests.m in Sources */,
				27B995FA1B54C9770096234A /* JLFGKState+Private.m in Sources */,
				27E2565B1B51DDE700237994 /* ComponentTests.m in Sources */,
				27E2565E1B51DDE700237994 /* StateMachineTests.m in Sources */,
				2720D3131B5708220088BEE1 /* ObstacleTests.m in Sources */,
				27AD87011B537D5B0009489D /* JLFGKGridGraph.m in Sources */,
				277F1DC51B582EF300AC8981 /* JLFGKGeometry.c in Sources */,
				27B995F91B54C9770096234A /* JLFGKState.m in Sources */,
				27B995F21B54C9770096234A /* JLFGKComponent.m in Sources */,
			);
			runOnlyForDeploymentPostprocessing = 0;
		};
		27F00F311B5449E600DF3EB7 /* Sources */ = {
			isa = PBXSourcesBuildPhase;
			buildActionMask = 2147483647;
			files = (
				27B995E11B5476830096234A /* CellularAutomata.m in Sources */,
				27F00F451B5449E700DF3EB7 /* GameViewController.m in Sources */,
				27F00F3D1B5449E700DF3EB7 /* AppDelegate.m in Sources */,
				27F00F401B5449E700DF3EB7 /* GameScene.m in Sources */,
				27A9F8EA1B55799D00DD1FBE /* PathMoveComponent.m in Sources */,
				27B996051B5562B30096234A /* SpriteComponent.m in Sources */,
				27F00F3A1B5449E700DF3EB7 /* main.m in Sources */,
				27B996021B5562950096234A /* CGPointMath.m in Sources */,
				27B996011B5562950096234A /* BouncyComponent.m in Sources */,
			);
			runOnlyForDeploymentPostprocessing = 0;
		};
/* End PBXSourcesBuildPhase section */

/* Begin PBXTargetDependency section */
		276062301B37C571000E505D /* PBXTargetDependency */ = {
			isa = PBXTargetDependency;
			target = 276062151B37C571000E505D /* Demo1 */;
			targetProxy = 2760622F1B37C571000E505D /* PBXContainerItemProxy */;
		};
		27E256471B51DDB800237994 /* PBXTargetDependency */ = {
			isa = PBXTargetDependency;
			target = 27E256391B51DDB700237994 /* JLFGameplayKit-iOS */;
			targetProxy = 27E256461B51DDB800237994 /* PBXContainerItemProxy */;
		};
/* End PBXTargetDependency section */

/* Begin PBXVariantGroup section */
		276062271B37C571000E505D /* MainMenu.xib */ = {
			isa = PBXVariantGroup;
			children = (
				276062281B37C571000E505D /* Base */,
			);
			name = MainMenu.xib;
			sourceTree = "<group>";
		};
		27B995D91B54515D0096234A /* Main.storyboard */ = {
			isa = PBXVariantGroup;
			children = (
				27B995DA1B54515D0096234A /* Base */,
			);
			name = Main.storyboard;
			sourceTree = "<group>";
		};
		27B9C3DD1B45F33700B61989 /* MainMenu.xib */ = {
			isa = PBXVariantGroup;
			children = (
				27B9C3DE1B45F33700B61989 /* Base */,
			);
			name = MainMenu.xib;
			sourceTree = "<group>";
		};
/* End PBXVariantGroup section */

/* Begin XCBuildConfiguration section */
		276062361B37C571000E505D /* Debug */ = {
			isa = XCBuildConfiguration;
			buildSettings = {
				ALWAYS_SEARCH_USER_PATHS = NO;
				CLANG_CXX_LANGUAGE_STANDARD = "gnu++0x";
				CLANG_CXX_LIBRARY = "libc++";
				CLANG_ENABLE_MODULES = YES;
				CLANG_ENABLE_OBJC_ARC = YES;
				CLANG_WARN_BOOL_CONVERSION = YES;
				CLANG_WARN_CONSTANT_CONVERSION = YES;
				CLANG_WARN_DIRECT_OBJC_ISA_USAGE = YES_ERROR;
				CLANG_WARN_EMPTY_BODY = YES;
				CLANG_WARN_ENUM_CONVERSION = YES;
				CLANG_WARN_INT_CONVERSION = YES;
				CLANG_WARN_OBJC_ROOT_CLASS = YES_ERROR;
				CLANG_WARN_UNREACHABLE_CODE = YES;
				CLANG_WARN__DUPLICATE_METHOD_MATCH = YES;
				CODE_SIGN_IDENTITY = "-";
				COPY_PHASE_STRIP = NO;
				DEBUG_INFORMATION_FORMAT = dwarf;
				ENABLE_STRICT_OBJC_MSGSEND = YES;
				GCC_C_LANGUAGE_STANDARD = gnu99;
				GCC_DYNAMIC_NO_PIC = NO;
				GCC_NO_COMMON_BLOCKS = YES;
				GCC_OPTIMIZATION_LEVEL = 0;
				GCC_PREPROCESSOR_DEFINITIONS = (
					"DEBUG=1",
					"$(inherited)",
				);
				GCC_SYMBOLS_PRIVATE_EXTERN = NO;
				GCC_WARN_64_TO_32_BIT_CONVERSION = YES;
				GCC_WARN_ABOUT_RETURN_TYPE = YES_ERROR;
				GCC_WARN_UNDECLARED_SELECTOR = YES;
				GCC_WARN_UNINITIALIZED_AUTOS = YES_AGGRESSIVE;
				GCC_WARN_UNUSED_FUNCTION = YES;
				GCC_WARN_UNUSED_VARIABLE = YES;
				MACOSX_DEPLOYMENT_TARGET = 10.10;
				MTL_ENABLE_DEBUG_INFO = YES;
				ONLY_ACTIVE_ARCH = YES;
				SDKROOT = macosx;
			};
			name = Debug;
		};
		276062371B37C571000E505D /* Release */ = {
			isa = XCBuildConfiguration;
			buildSettings = {
				ALWAYS_SEARCH_USER_PATHS = NO;
				CLANG_CXX_LANGUAGE_STANDARD = "gnu++0x";
				CLANG_CXX_LIBRARY = "libc++";
				CLANG_ENABLE_MODULES = YES;
				CLANG_ENABLE_OBJC_ARC = YES;
				CLANG_WARN_BOOL_CONVERSION = YES;
				CLANG_WARN_CONSTANT_CONVERSION = YES;
				CLANG_WARN_DIRECT_OBJC_ISA_USAGE = YES_ERROR;
				CLANG_WARN_EMPTY_BODY = YES;
				CLANG_WARN_ENUM_CONVERSION = YES;
				CLANG_WARN_INT_CONVERSION = YES;
				CLANG_WARN_OBJC_ROOT_CLASS = YES_ERROR;
				CLANG_WARN_UNREACHABLE_CODE = YES;
				CLANG_WARN__DUPLICATE_METHOD_MATCH = YES;
				CODE_SIGN_IDENTITY = "-";
				COPY_PHASE_STRIP = NO;
				DEBUG_INFORMATION_FORMAT = "dwarf-with-dsym";
				ENABLE_NS_ASSERTIONS = NO;
				ENABLE_STRICT_OBJC_MSGSEND = YES;
				GCC_C_LANGUAGE_STANDARD = gnu99;
				GCC_NO_COMMON_BLOCKS = YES;
				GCC_WARN_64_TO_32_BIT_CONVERSION = YES;
				GCC_WARN_ABOUT_RETURN_TYPE = YES_ERROR;
				GCC_WARN_UNDECLARED_SELECTOR = YES;
				GCC_WARN_UNINITIALIZED_AUTOS = YES_AGGRESSIVE;
				GCC_WARN_UNUSED_FUNCTION = YES;
				GCC_WARN_UNUSED_VARIABLE = YES;
				MACOSX_DEPLOYMENT_TARGET = 10.10;
				MTL_ENABLE_DEBUG_INFO = NO;
				SDKROOT = macosx;
			};
			name = Release;
		};
		276062391B37C571000E505D /* Debug */ = {
			isa = XCBuildConfiguration;
			buildSettings = {
				ASSETCATALOG_COMPILER_APPICON_NAME = AppIcon;
				COMBINE_HIDPI_IMAGES = YES;
				INFOPLIST_FILE = "$(SRCROOT)/Demo1/Info.plist";
				LD_RUNPATH_SEARCH_PATHS = "$(inherited) @executable_path/../Frameworks";
				PRODUCT_NAME = Demo1;
			};
			name = Debug;
		};
		2760623A1B37C571000E505D /* Release */ = {
			isa = XCBuildConfiguration;
			buildSettings = {
				ASSETCATALOG_COMPILER_APPICON_NAME = AppIcon;
				COMBINE_HIDPI_IMAGES = YES;
				INFOPLIST_FILE = "$(SRCROOT)/Demo1/Info.plist";
				LD_RUNPATH_SEARCH_PATHS = "$(inherited) @executable_path/../Frameworks";
				PRODUCT_NAME = Demo1;
			};
			name = Release;
		};
		2760623C1B37C571000E505D /* Debug */ = {
			isa = XCBuildConfiguration;
			buildSettings = {
				COMBINE_HIDPI_IMAGES = YES;
				FRAMEWORK_SEARCH_PATHS = (
					"$(DEVELOPER_FRAMEWORKS_DIR)",
					"$(inherited)",
				);
				GCC_PREPROCESSOR_DEFINITIONS = (
					"DEBUG=1",
					"$(inherited)",
				);
				INFOPLIST_FILE = Tests/Info.plist;
				LD_RUNPATH_SEARCH_PATHS = "$(inherited) @executable_path/../Frameworks @loader_path/../Frameworks";
				PRODUCT_NAME = JLFGameplayKitTests;
			};
			name = Debug;
		};
		2760623D1B37C571000E505D /* Release */ = {
			isa = XCBuildConfiguration;
			buildSettings = {
				COMBINE_HIDPI_IMAGES = YES;
				FRAMEWORK_SEARCH_PATHS = (
					"$(DEVELOPER_FRAMEWORKS_DIR)",
					"$(inherited)",
				);
				INFOPLIST_FILE = Tests/Info.plist;
				LD_RUNPATH_SEARCH_PATHS = "$(inherited) @executable_path/../Frameworks @loader_path/../Frameworks";
				PRODUCT_NAME = JLFGameplayKitTests;
			};
			name = Release;
		};
		27B9C3ED1B45F33700B61989 /* Debug */ = {
			isa = XCBuildConfiguration;
			buildSettings = {
				ASSETCATALOG_COMPILER_APPICON_NAME = AppIcon;
				COMBINE_HIDPI_IMAGES = YES;
				GCC_PREPROCESSOR_DEFINITIONS = (
					"DEBUG=1",
					"$(inherited)",
				);
				INFOPLIST_FILE = PathfindingDemo1/Info.plist;
				LD_RUNPATH_SEARCH_PATHS = "$(inherited) @executable_path/../Frameworks";
				PRODUCT_NAME = "$(TARGET_NAME)";
			};
			name = Debug;
		};
		27B9C3EE1B45F33700B61989 /* Release */ = {
			isa = XCBuildConfiguration;
			buildSettings = {
				ASSETCATALOG_COMPILER_APPICON_NAME = AppIcon;
				COMBINE_HIDPI_IMAGES = YES;
				INFOPLIST_FILE = PathfindingDemo1/Info.plist;
				LD_RUNPATH_SEARCH_PATHS = "$(inherited) @executable_path/../Frameworks";
				PRODUCT_NAME = "$(TARGET_NAME)";
			};
			name = Release;
		};
		27E255F31B51DB4600237994 /* Debug */ = {
			isa = XCBuildConfiguration;
			buildSettings = {
				CODE_SIGN_IDENTITY = "";
				COMBINE_HIDPI_IMAGES = YES;
				EXECUTABLE_PREFIX = lib;
				GCC_PREPROCESSOR_DEFINITIONS = (
					"DEBUG=1",
					"$(inherited)",
				);
				MACOSX_DEPLOYMENT_TARGET = 10.9;
				PRODUCT_NAME = "$(TARGET_NAME)";
			};
			name = Debug;
		};
		27E255F41B51DB4600237994 /* Release */ = {
			isa = XCBuildConfiguration;
			buildSettings = {
				CODE_SIGN_IDENTITY = "";
				COMBINE_HIDPI_IMAGES = YES;
				COPY_PHASE_STRIP = YES;
				EXECUTABLE_PREFIX = lib;
				MACOSX_DEPLOYMENT_TARGET = 10.9;
				PRODUCT_NAME = "$(TARGET_NAME)";
			};
			name = Release;
		};
		27E2564C1B51DDB800237994 /* Debug */ = {
			isa = XCBuildConfiguration;
			buildSettings = {
				CODE_SIGN_IDENTITY = "";
				DEBUG_INFORMATION_FORMAT = "dwarf-with-dsym";
				GCC_PREPROCESSOR_DEFINITIONS = (
					"DEBUG=1",
					"$(inherited)",
				);
				IPHONEOS_DEPLOYMENT_TARGET = 7.0;
				OTHER_LDFLAGS = "-ObjC";
				PRODUCT_NAME = "$(TARGET_NAME)";
				SDKROOT = iphoneos;
				SKIP_INSTALL = YES;
			};
			name = Debug;
		};
		27E2564D1B51DDB800237994 /* Release */ = {
			isa = XCBuildConfiguration;
			buildSettings = {
				CODE_SIGN_IDENTITY = "";
				COPY_PHASE_STRIP = YES;
				IPHONEOS_DEPLOYMENT_TARGET = 7.0;
				OTHER_LDFLAGS = "-ObjC";
				PRODUCT_NAME = "$(TARGET_NAME)";
				SDKROOT = iphoneos;
				SKIP_INSTALL = YES;
				VALIDATE_PRODUCT = YES;
			};
			name = Release;
		};
		27E2564F1B51DDB800237994 /* Debug */ = {
			isa = XCBuildConfiguration;
			buildSettings = {
				"CODE_SIGN_IDENTITY[sdk=iphoneos*]" = "iPhone Developer";
				DEBUG_INFORMATION_FORMAT = "dwarf-with-dsym";
				FRAMEWORK_SEARCH_PATHS = (
					"$(SDKROOT)/Developer/Library/Frameworks",
					"$(inherited)",
				);
				GCC_PREPROCESSOR_DEFINITIONS = (
					"DEBUG=1",
					"$(inherited)",
				);
				INFOPLIST_FILE = Tests/Info.plist;
				IPHONEOS_DEPLOYMENT_TARGET = 8.4;
				LD_RUNPATH_SEARCH_PATHS = "$(inherited) @executable_path/Frameworks @loader_path/Frameworks";
				PRODUCT_NAME = "$(TARGET_NAME)";
				SDKROOT = iphoneos;
			};
			name = Debug;
		};
		27E256501B51DDB800237994 /* Release */ = {
			isa = XCBuildConfiguration;
			buildSettings = {
				"CODE_SIGN_IDENTITY[sdk=iphoneos*]" = "iPhone Developer";
				FRAMEWORK_SEARCH_PATHS = (
					"$(SDKROOT)/Developer/Library/Frameworks",
					"$(inherited)",
				);
				INFOPLIST_FILE = Tests/Info.plist;
				IPHONEOS_DEPLOYMENT_TARGET = 8.4;
				LD_RUNPATH_SEARCH_PATHS = "$(inherited) @executable_path/Frameworks @loader_path/Frameworks";
				PRODUCT_NAME = "$(TARGET_NAME)";
				SDKROOT = iphoneos;
				VALIDATE_PRODUCT = YES;
			};
			name = Release;
		};
		27F00F5B1B5449E700DF3EB7 /* Debug */ = {
			isa = XCBuildConfiguration;
			buildSettings = {
				ASSETCATALOG_COMPILER_APPICON_NAME = AppIcon;
				"CODE_SIGN_IDENTITY[sdk=iphoneos*]" = "iPhone Developer";
				DEBUG_INFORMATION_FORMAT = "dwarf-with-dsym";
				GCC_PREPROCESSOR_DEFINITIONS = (
					"DEBUG=1",
					"$(inherited)",
				);
				INFOPLIST_FILE = PathfindingDemo2/Info.plist;
				IPHONEOS_DEPLOYMENT_TARGET = 7.0;
				LD_RUNPATH_SEARCH_PATHS = "$(inherited) @executable_path/Frameworks";
				PRODUCT_NAME = "$(TARGET_NAME)";
				SDKROOT = iphoneos;
			};
			name = Debug;
		};
		27F00F5C1B5449E700DF3EB7 /* Release */ = {
			isa = XCBuildConfiguration;
			buildSettings = {
				ASSETCATALOG_COMPILER_APPICON_NAME = AppIcon;
				"CODE_SIGN_IDENTITY[sdk=iphoneos*]" = "iPhone Developer";
				INFOPLIST_FILE = PathfindingDemo2/Info.plist;
				IPHONEOS_DEPLOYMENT_TARGET = 7.0;
				LD_RUNPATH_SEARCH_PATHS = "$(inherited) @executable_path/Frameworks";
				PRODUCT_NAME = "$(TARGET_NAME)";
				SDKROOT = iphoneos;
				VALIDATE_PRODUCT = YES;
			};
			name = Release;
		};
/* End XCBuildConfiguration section */

/* Begin XCConfigurationList section */
		276062111B37C571000E505D /* Build configuration list for PBXProject "JLFGameplayKit" */ = {
			isa = XCConfigurationList;
			buildConfigurations = (
				276062361B37C571000E505D /* Debug */,
				276062371B37C571000E505D /* Release */,
			);
			defaultConfigurationIsVisible = 0;
			defaultConfigurationName = Release;
		};
		276062381B37C571000E505D /* Build configuration list for PBXNativeTarget "Demo1" */ = {
			isa = XCConfigurationList;
			buildConfigurations = (
				276062391B37C571000E505D /* Debug */,
				2760623A1B37C571000E505D /* Release */,
			);
			defaultConfigurationIsVisible = 0;
			defaultConfigurationName = Release;
		};
		2760623B1B37C571000E505D /* Build configuration list for PBXNativeTarget "JLFGameplayKit Tests" */ = {
			isa = XCConfigurationList;
			buildConfigurations = (
				2760623C1B37C571000E505D /* Debug */,
				2760623D1B37C571000E505D /* Release */,
			);
			defaultConfigurationIsVisible = 0;
			defaultConfigurationName = Release;
		};
		27B9C3EC1B45F33700B61989 /* Build configuration list for PBXNativeTarget "PathfindingDemo1" */ = {
			isa = XCConfigurationList;
			buildConfigurations = (
				27B9C3ED1B45F33700B61989 /* Debug */,
				27B9C3EE1B45F33700B61989 /* Release */,
			);
			defaultConfigurationIsVisible = 0;
			defaultConfigurationName = Release;
		};
		27E255F71B51DB4600237994 /* Build configuration list for PBXNativeTarget "JLFGameplayKit" */ = {
			isa = XCConfigurationList;
			buildConfigurations = (
				27E255F31B51DB4600237994 /* Debug */,
				27E255F41B51DB4600237994 /* Release */,
			);
			defaultConfigurationIsVisible = 0;
			defaultConfigurationName = Release;
		};
		27E2564B1B51DDB800237994 /* Build configuration list for PBXNativeTarget "JLFGameplayKit-iOS" */ = {
			isa = XCConfigurationList;
			buildConfigurations = (
				27E2564C1B51DDB800237994 /* Debug */,
				27E2564D1B51DDB800237994 /* Release */,
			);
			defaultConfigurationIsVisible = 0;
			defaultConfigurationName = Release;
		};
		27E2564E1B51DDB800237994 /* Build configuration list for PBXNativeTarget "JLFGameplayKit-iOS Tests" */ = {
			isa = XCConfigurationList;
			buildConfigurations = (
				27E2564F1B51DDB800237994 /* Debug */,
				27E256501B51DDB800237994 /* Release */,
			);
			defaultConfigurationIsVisible = 0;
			defaultConfigurationName = Release;
		};
		27F00F5A1B5449E700DF3EB7 /* Build configuration list for PBXNativeTarget "PathfindingDemo2" */ = {
			isa = XCConfigurationList;
			buildConfigurations = (
				27F00F5B1B5449E700DF3EB7 /* Debug */,
				27F00F5C1B5449E700DF3EB7 /* Release */,
			);
			defaultConfigurationIsVisible = 0;
			defaultConfigurationName = Release;
		};
/* End XCConfigurationList section */
	};
	rootObject = 2760620E1B37C571000E505D /* Project object */;
}
